// !$*UTF8*$!
{
	archiveVersion = 1;
	classes = {
	};
	objectVersion = 50;
	objects = {

/* Begin PBXBuildFile section */
		7347E10F2385948E00644970 /* TokenDTO.swift in Sources */ = {isa = PBXBuildFile; fileRef = 7347E10E2385948E00644970 /* TokenDTO.swift */; };
		7347E1112385954C00644970 /* User.swift in Sources */ = {isa = PBXBuildFile; fileRef = 7347E1102385954C00644970 /* User.swift */; };
		7366555D2385431C0062A358 /* SignInViewController.swift in Sources */ = {isa = PBXBuildFile; fileRef = 7366555C2385431C0062A358 /* SignInViewController.swift */; };
		7366555F2385435E0062A358 /* SignInView.swift in Sources */ = {isa = PBXBuildFile; fileRef = 7366555E2385435E0062A358 /* SignInView.swift */; };
		8E1C3CB323856B1E005847A0 /* CartViewModel.swift in Sources */ = {isa = PBXBuildFile; fileRef = 8E1C3CB223856B1E005847A0 /* CartViewModel.swift */; };
		8E1C3CB823856DFC005847A0 /* CartCellViewModel.swift in Sources */ = {isa = PBXBuildFile; fileRef = 8E1C3CB723856DFC005847A0 /* CartCellViewModel.swift */; };
		8E1C3CBB238588AA005847A0 /* CartItem.swift in Sources */ = {isa = PBXBuildFile; fileRef = 8E1C3CBA238588AA005847A0 /* CartItem.swift */; };
		8E1C3CBD238588D0005847A0 /* Product.swift in Sources */ = {isa = PBXBuildFile; fileRef = 8E1C3CBC238588D0005847A0 /* Product.swift */; };
		8E1C3CBF23858FE6005847A0 /* UILabelExtensions.swift in Sources */ = {isa = PBXBuildFile; fileRef = 8E1C3CBE23858FE6005847A0 /* UILabelExtensions.swift */; };
		D026F9CE2372E41000372EA0 /* AppDelegate.swift in Sources */ = {isa = PBXBuildFile; fileRef = D026F9CD2372E41000372EA0 /* AppDelegate.swift */; };
		D026F9D02372E41000372EA0 /* SceneDelegate.swift in Sources */ = {isa = PBXBuildFile; fileRef = D026F9CF2372E41000372EA0 /* SceneDelegate.swift */; };
		D026F9D72372E41200372EA0 /* Assets.xcassets in Resources */ = {isa = PBXBuildFile; fileRef = D026F9D62372E41200372EA0 /* Assets.xcassets */; };
		D026F9DA2372E41200372EA0 /* LaunchScreen.storyboard in Resources */ = {isa = PBXBuildFile; fileRef = D026F9D82372E41200372EA0 /* LaunchScreen.storyboard */; };
		D026F9EA2373027B00372EA0 /* HomeViewController.swift in Sources */ = {isa = PBXBuildFile; fileRef = D026F9E92373027B00372EA0 /* HomeViewController.swift */; };
		D043C0B523894A9E00B05967 /* ProductCellView.swift in Sources */ = {isa = PBXBuildFile; fileRef = D043C0B423894A9E00B05967 /* ProductCellView.swift */; };
		D043C0B723894BC100B05967 /* ProductCellViewModel.swift in Sources */ = {isa = PBXBuildFile; fileRef = D043C0B623894BC100B05967 /* ProductCellViewModel.swift */; };
		D043C0BB23894D0F00B05967 /* Cartfile in Resources */ = {isa = PBXBuildFile; fileRef = D043C0BA23894D0F00B05967 /* Cartfile */; };
		D043C0BD23894E5F00B05967 /* ProductApiService.swift in Sources */ = {isa = PBXBuildFile; fileRef = D043C0BC23894E5F00B05967 /* ProductApiService.swift */; };
		D043C0BF23894F9400B05967 /* Config.swift in Sources */ = {isa = PBXBuildFile; fileRef = D043C0BE23894F9400B05967 /* Config.swift */; };
		D043C0C32389526600B05967 /* Alamofire.framework in Frameworks */ = {isa = PBXBuildFile; fileRef = D043C0C22389526600B05967 /* Alamofire.framework */; };
		D043C0C62389566600B05967 /* ApiDTO.swift in Sources */ = {isa = PBXBuildFile; fileRef = D043C0C52389566600B05967 /* ApiDTO.swift */; };
		D0719DCC238469610046EC0B /* UIViewExtensions.swift in Sources */ = {isa = PBXBuildFile; fileRef = D0719DCB238469610046EC0B /* UIViewExtensions.swift */; };
		D0719DD023847DC10046EC0B /* UIColorExtensions.swift in Sources */ = {isa = PBXBuildFile; fileRef = D0719DCF23847DC10046EC0B /* UIColorExtensions.swift */; };
		D0736013237494E600CD6B72 /* HomeViewModel.swift in Sources */ = {isa = PBXBuildFile; fileRef = D0736012237494E600CD6B72 /* HomeViewModel.swift */; };
		D07360162374A46300CD6B72 /* TabBarViewController.swift in Sources */ = {isa = PBXBuildFile; fileRef = D07360152374A46300CD6B72 /* TabBarViewController.swift */; };
		D07360182374A9E700CD6B72 /* UIViewController.swift in Sources */ = {isa = PBXBuildFile; fileRef = D07360172374A9E700CD6B72 /* UIViewController.swift */; };
		D073601A2374AA1500CD6B72 /* ReusableView.swift in Sources */ = {isa = PBXBuildFile; fileRef = D07360192374AA1500CD6B72 /* ReusableView.swift */; };
		D08A5C9D2374C78100221F37 /* ProfileViewController.swift in Sources */ = {isa = PBXBuildFile; fileRef = D08A5C9C2374C78100221F37 /* ProfileViewController.swift */; };
		D0941C3A238912F30052F598 /* CartCellView.swift in Sources */ = {isa = PBXBuildFile; fileRef = D0941C39238912F30052F598 /* CartCellView.swift */; };
		D0941C3D238942EE0052F598 /* UIViewControllerExtenstion.swift in Sources */ = {isa = PBXBuildFile; fileRef = D0941C3C238942EE0052F598 /* UIViewControllerExtenstion.swift */; };
		D097768B238AA8250080F701 /* UIImageViewExtensions.swift in Sources */ = {isa = PBXBuildFile; fileRef = D097768A238AA8250080F701 /* UIImageViewExtensions.swift */; };
		D0B11B8B2385C3F000C74CEA /* CartViewController.swift in Sources */ = {isa = PBXBuildFile; fileRef = D0B11B8A2385C3F000C74CEA /* CartViewController.swift */; };
		D0B11B8F2385DEDE00C74CEA /* Poppins-Medium.ttf in Resources */ = {isa = PBXBuildFile; fileRef = D0B11B8C2385DEDE00C74CEA /* Poppins-Medium.ttf */; };
		D0B11B902385DEDE00C74CEA /* Poppins-Bold.ttf in Resources */ = {isa = PBXBuildFile; fileRef = D0B11B8D2385DEDE00C74CEA /* Poppins-Bold.ttf */; };
		D0B11B912385DEDE00C74CEA /* Poppins-Light.ttf in Resources */ = {isa = PBXBuildFile; fileRef = D0B11B8E2385DEDE00C74CEA /* Poppins-Light.ttf */; };
/* End PBXBuildFile section */

/* Begin PBXFileReference section */
		7347E10E2385948E00644970 /* TokenDTO.swift */ = {isa = PBXFileReference; lastKnownFileType = sourcecode.swift; path = TokenDTO.swift; sourceTree = "<group>"; };
		7347E1102385954C00644970 /* User.swift */ = {isa = PBXFileReference; lastKnownFileType = sourcecode.swift; path = User.swift; sourceTree = "<group>"; };
		7366555C2385431C0062A358 /* SignInViewController.swift */ = {isa = PBXFileReference; lastKnownFileType = sourcecode.swift; path = SignInViewController.swift; sourceTree = "<group>"; };
		7366555E2385435E0062A358 /* SignInView.swift */ = {isa = PBXFileReference; lastKnownFileType = sourcecode.swift; path = SignInView.swift; sourceTree = "<group>"; };
		8E1C3CB223856B1E005847A0 /* CartViewModel.swift */ = {isa = PBXFileReference; lastKnownFileType = sourcecode.swift; path = CartViewModel.swift; sourceTree = "<group>"; };
		8E1C3CB723856DFC005847A0 /* CartCellViewModel.swift */ = {isa = PBXFileReference; lastKnownFileType = sourcecode.swift; path = CartCellViewModel.swift; sourceTree = "<group>"; };
		8E1C3CBA238588AA005847A0 /* CartItem.swift */ = {isa = PBXFileReference; lastKnownFileType = sourcecode.swift; path = CartItem.swift; sourceTree = "<group>"; };
		8E1C3CBC238588D0005847A0 /* Product.swift */ = {isa = PBXFileReference; lastKnownFileType = sourcecode.swift; path = Product.swift; sourceTree = "<group>"; };
		8E1C3CBE23858FE6005847A0 /* UILabelExtensions.swift */ = {isa = PBXFileReference; lastKnownFileType = sourcecode.swift; path = UILabelExtensions.swift; sourceTree = "<group>"; };
		D026F9CA2372E41000372EA0 /* Shok'o.app */ = {isa = PBXFileReference; explicitFileType = wrapper.application; includeInIndex = 0; path = "Shok'o.app"; sourceTree = BUILT_PRODUCTS_DIR; };
		D026F9CD2372E41000372EA0 /* AppDelegate.swift */ = {isa = PBXFileReference; lastKnownFileType = sourcecode.swift; path = AppDelegate.swift; sourceTree = "<group>"; };
		D026F9CF2372E41000372EA0 /* SceneDelegate.swift */ = {isa = PBXFileReference; lastKnownFileType = sourcecode.swift; path = SceneDelegate.swift; sourceTree = "<group>"; };
		D026F9D62372E41200372EA0 /* Assets.xcassets */ = {isa = PBXFileReference; lastKnownFileType = folder.assetcatalog; path = Assets.xcassets; sourceTree = "<group>"; };
		D026F9D92372E41200372EA0 /* Base */ = {isa = PBXFileReference; lastKnownFileType = file.storyboard; name = Base; path = Base.lproj/LaunchScreen.storyboard; sourceTree = "<group>"; };
		D026F9DB2372E41200372EA0 /* Info.plist */ = {isa = PBXFileReference; lastKnownFileType = text.plist.xml; path = Info.plist; sourceTree = "<group>"; };
		D026F9E92373027B00372EA0 /* HomeViewController.swift */ = {isa = PBXFileReference; lastKnownFileType = sourcecode.swift; path = HomeViewController.swift; sourceTree = "<group>"; };
		D043C0B423894A9E00B05967 /* ProductCellView.swift */ = {isa = PBXFileReference; lastKnownFileType = sourcecode.swift; path = ProductCellView.swift; sourceTree = "<group>"; };
		D043C0B623894BC100B05967 /* ProductCellViewModel.swift */ = {isa = PBXFileReference; lastKnownFileType = sourcecode.swift; path = ProductCellViewModel.swift; sourceTree = "<group>"; };
		D043C0BA23894D0F00B05967 /* Cartfile */ = {isa = PBXFileReference; fileEncoding = 4; lastKnownFileType = text; path = Cartfile; sourceTree = "<group>"; };
		D043C0BC23894E5F00B05967 /* ProductApiService.swift */ = {isa = PBXFileReference; lastKnownFileType = sourcecode.swift; path = ProductApiService.swift; sourceTree = "<group>"; };
		D043C0BE23894F9400B05967 /* Config.swift */ = {isa = PBXFileReference; lastKnownFileType = sourcecode.swift; path = Config.swift; sourceTree = "<group>"; };
		D043C0C22389526600B05967 /* Alamofire.framework */ = {isa = PBXFileReference; lastKnownFileType = wrapper.framework; name = Alamofire.framework; path = Carthage/Build/iOS/Alamofire.framework; sourceTree = "<group>"; };
		D043C0C52389566600B05967 /* ApiDTO.swift */ = {isa = PBXFileReference; lastKnownFileType = sourcecode.swift; path = ApiDTO.swift; sourceTree = "<group>"; };
		D0719DCB238469610046EC0B /* UIViewExtensions.swift */ = {isa = PBXFileReference; lastKnownFileType = sourcecode.swift; path = UIViewExtensions.swift; sourceTree = "<group>"; };
		D0719DCF23847DC10046EC0B /* UIColorExtensions.swift */ = {isa = PBXFileReference; lastKnownFileType = sourcecode.swift; path = UIColorExtensions.swift; sourceTree = "<group>"; };
		D0736012237494E600CD6B72 /* HomeViewModel.swift */ = {isa = PBXFileReference; lastKnownFileType = sourcecode.swift; path = HomeViewModel.swift; sourceTree = "<group>"; };
		D07360152374A46300CD6B72 /* TabBarViewController.swift */ = {isa = PBXFileReference; lastKnownFileType = sourcecode.swift; path = TabBarViewController.swift; sourceTree = "<group>"; };
		D07360172374A9E700CD6B72 /* UIViewController.swift */ = {isa = PBXFileReference; lastKnownFileType = sourcecode.swift; path = UIViewController.swift; sourceTree = "<group>"; };
		D07360192374AA1500CD6B72 /* ReusableView.swift */ = {isa = PBXFileReference; lastKnownFileType = sourcecode.swift; path = ReusableView.swift; sourceTree = "<group>"; };
		D08A5C9C2374C78100221F37 /* ProfileViewController.swift */ = {isa = PBXFileReference; lastKnownFileType = sourcecode.swift; path = ProfileViewController.swift; sourceTree = "<group>"; };
		D0941C39238912F30052F598 /* CartCellView.swift */ = {isa = PBXFileReference; lastKnownFileType = sourcecode.swift; path = CartCellView.swift; sourceTree = "<group>"; };
		D0941C3C238942EE0052F598 /* UIViewControllerExtenstion.swift */ = {isa = PBXFileReference; lastKnownFileType = sourcecode.swift; path = UIViewControllerExtenstion.swift; sourceTree = "<group>"; };
		D097768A238AA8250080F701 /* UIImageViewExtensions.swift */ = {isa = PBXFileReference; lastKnownFileType = sourcecode.swift; path = UIImageViewExtensions.swift; sourceTree = "<group>"; };
		D0B11B8A2385C3F000C74CEA /* CartViewController.swift */ = {isa = PBXFileReference; lastKnownFileType = sourcecode.swift; path = CartViewController.swift; sourceTree = "<group>"; };
		D0B11B8C2385DEDE00C74CEA /* Poppins-Medium.ttf */ = {isa = PBXFileReference; lastKnownFileType = file; path = "Poppins-Medium.ttf"; sourceTree = "<group>"; };
		D0B11B8D2385DEDE00C74CEA /* Poppins-Bold.ttf */ = {isa = PBXFileReference; lastKnownFileType = file; path = "Poppins-Bold.ttf"; sourceTree = "<group>"; };
		D0B11B8E2385DEDE00C74CEA /* Poppins-Light.ttf */ = {isa = PBXFileReference; lastKnownFileType = file; path = "Poppins-Light.ttf"; sourceTree = "<group>"; };
/* End PBXFileReference section */

/* Begin PBXFrameworksBuildPhase section */
		D026F9C72372E41000372EA0 /* Frameworks */ = {
			isa = PBXFrameworksBuildPhase;
			buildActionMask = 2147483647;
			files = (
				D043C0C32389526600B05967 /* Alamofire.framework in Frameworks */,
			);
			runOnlyForDeploymentPostprocessing = 0;
		};
/* End PBXFrameworksBuildPhase section */

/* Begin PBXGroup section */
		73665558238541220062A358 /* Views */ = {
			isa = PBXGroup;
			children = (
			);
			path = Views;
			sourceTree = "<group>";
		};
		73665559238541320062A358 /* ViewModels */ = {
			isa = PBXGroup;
			children = (
			);
			path = ViewModels;
			sourceTree = "<group>";
		};
		7366555A238542D90062A358 /* SignIn */ = {
			isa = PBXGroup;
			children = (
				7366555B238542EF0062A358 /* Views */,
				7366555C2385431C0062A358 /* SignInViewController.swift */,
			);
			path = SignIn;
			sourceTree = "<group>";
		};
		7366555B238542EF0062A358 /* Views */ = {
			isa = PBXGroup;
			children = (
				7366555E2385435E0062A358 /* SignInView.swift */,
			);
			path = Views;
			sourceTree = "<group>";
		};
		8E1C3CB123856AFD005847A0 /* ViewModel */ = {
			isa = PBXGroup;
			children = (
				8E1C3CB223856B1E005847A0 /* CartViewModel.swift */,
				8E1C3CB723856DFC005847A0 /* CartCellViewModel.swift */,
			);
			path = ViewModel;
			sourceTree = "<group>";
		};
		8E1C3CB423856D8D005847A0 /* Reusables */ = {
			isa = PBXGroup;
			children = (
				D0941C39238912F30052F598 /* CartCellView.swift */,
			);
			path = Reusables;
			sourceTree = "<group>";
		};
		8E1C3CB923858868005847A0 /* Models */ = {
			isa = PBXGroup;
			children = (
				D043C0C42389565600B05967 /* DTO */,
				7347E1102385954C00644970 /* User.swift */,
				8E1C3CBA238588AA005847A0 /* CartItem.swift */,
				8E1C3CBC238588D0005847A0 /* Product.swift */,
			);
			path = Models;
			sourceTree = "<group>";
		};
		D026F9C12372E41000372EA0 = {
			isa = PBXGroup;
			children = (
				D043C0BA23894D0F00B05967 /* Cartfile */,
				D026F9CC2372E41000372EA0 /* SelfBuy */,
				D026F9CB2372E41000372EA0 /* Products */,
				D043C0C12389526600B05967 /* Frameworks */,
			);
			sourceTree = "<group>";
		};
		D026F9CB2372E41000372EA0 /* Products */ = {
			isa = PBXGroup;
			children = (
				D026F9CA2372E41000372EA0 /* Shok'o.app */,
			);
			name = Products;
			sourceTree = "<group>";
		};
		D026F9CC2372E41000372EA0 /* SelfBuy */ = {
			isa = PBXGroup;
			children = (
				8E1C3CB923858868005847A0 /* Models */,
				D026F9E12372E52400372EA0 /* Additions */,
				D026F9E32372E53700372EA0 /* Application */,
				D026F9E52372E5A800372EA0 /* Screens */,
				D043C0B823894CA700B05967 /* Services */,
			);
			path = SelfBuy;
			sourceTree = "<group>";
		};
		D026F9E12372E52400372EA0 /* Additions */ = {
			isa = PBXGroup;
			children = (
				D0941C3B238942B80052F598 /* Reusables */,
				D09C29672378E87F007E69AF /* Extensions */,
				D026F9E22372E52B00372EA0 /* Protocols */,
			);
			path = Additions;
			sourceTree = "<group>";
		};
		D026F9E22372E52B00372EA0 /* Protocols */ = {
			isa = PBXGroup;
			children = (
				D07360172374A9E700CD6B72 /* UIViewController.swift */,
				D07360192374AA1500CD6B72 /* ReusableView.swift */,
			);
			path = Protocols;
			sourceTree = "<group>";
		};
		D026F9E32372E53700372EA0 /* Application */ = {
			isa = PBXGroup;
			children = (
				D026F9CD2372E41000372EA0 /* AppDelegate.swift */,
				D026F9CF2372E41000372EA0 /* SceneDelegate.swift */,
				D043C0BE23894F9400B05967 /* Config.swift */,
				D026F9E42372E54D00372EA0 /* Supporting Files */,
			);
			path = Application;
			sourceTree = "<group>";
		};
		D026F9E42372E54D00372EA0 /* Supporting Files */ = {
			isa = PBXGroup;
			children = (
				D0B11B922385DEE500C74CEA /* Fonts */,
				D026F9D62372E41200372EA0 /* Assets.xcassets */,
				D026F9D82372E41200372EA0 /* LaunchScreen.storyboard */,
				D026F9DB2372E41200372EA0 /* Info.plist */,
			);
			path = "Supporting Files";
			sourceTree = "<group>";
		};
		D026F9E52372E5A800372EA0 /* Screens */ = {
			isa = PBXGroup;
			children = (
				7366555A238542D90062A358 /* SignIn */,
				D08A5C9E2374C9DF00221F37 /* Cart */,
				D08A5C9B2374C75A00221F37 /* Profile */,
				D07360142374A44300CD6B72 /* TabBar */,
				D026F9E62372E5E500372EA0 /* Home */,
			);
			path = Screens;
			sourceTree = "<group>";
		};
		D026F9E62372E5E500372EA0 /* Home */ = {
			isa = PBXGroup;
			children = (
				D043C0B323894A8100B05967 /* Reusables */,
				D073600F2374909300CD6B72 /* ViewModels */,
				D026F9E92373027B00372EA0 /* HomeViewController.swift */,
			);
			path = Home;
			sourceTree = "<group>";
		};
		D043C0B323894A8100B05967 /* Reusables */ = {
			isa = PBXGroup;
			children = (
				D043C0B423894A9E00B05967 /* ProductCellView.swift */,
			);
			path = Reusables;
			sourceTree = "<group>";
		};
		D043C0B823894CA700B05967 /* Services */ = {
			isa = PBXGroup;
			children = (
				D043C0BC23894E5F00B05967 /* ProductApiService.swift */,
			);
			path = Services;
			sourceTree = "<group>";
		};
		D043C0C12389526600B05967 /* Frameworks */ = {
			isa = PBXGroup;
			children = (
				D043C0C22389526600B05967 /* Alamofire.framework */,
			);
			name = Frameworks;
			sourceTree = "<group>";
		};
		D043C0C42389565600B05967 /* DTO */ = {
			isa = PBXGroup;
			children = (
				7347E10E2385948E00644970 /* TokenDTO.swift */,
				D043C0C52389566600B05967 /* ApiDTO.swift */,
			);
			path = DTO;
			sourceTree = "<group>";
		};
		D073600F2374909300CD6B72 /* ViewModels */ = {
			isa = PBXGroup;
			children = (
				D0736012237494E600CD6B72 /* HomeViewModel.swift */,
				D043C0B623894BC100B05967 /* ProductCellViewModel.swift */,
			);
			path = ViewModels;
			sourceTree = "<group>";
		};
		D07360142374A44300CD6B72 /* TabBar */ = {
			isa = PBXGroup;
			children = (
				D07360152374A46300CD6B72 /* TabBarViewController.swift */,
			);
			path = TabBar;
			sourceTree = "<group>";
		};
		D08A5C9B2374C75A00221F37 /* Profile */ = {
			isa = PBXGroup;
			children = (
				73665559238541320062A358 /* ViewModels */,
				73665558238541220062A358 /* Views */,
				D08A5C9C2374C78100221F37 /* ProfileViewController.swift */,
			);
			path = Profile;
			sourceTree = "<group>";
		};
		D08A5C9E2374C9DF00221F37 /* Cart */ = {
			isa = PBXGroup;
			children = (
				8E1C3CB423856D8D005847A0 /* Reusables */,
				8E1C3CB123856AFD005847A0 /* ViewModel */,
				D0B11B8A2385C3F000C74CEA /* CartViewController.swift */,
			);
			path = Cart;
			sourceTree = "<group>";
		};
		D0941C3B238942B80052F598 /* Reusables */ = {
			isa = PBXGroup;
			children = (
			);
			path = Reusables;
			sourceTree = "<group>";
		};
		D09C29672378E87F007E69AF /* Extensions */ = {
			isa = PBXGroup;
			children = (
				D0719DCB238469610046EC0B /* UIViewExtensions.swift */,
				D0719DCF23847DC10046EC0B /* UIColorExtensions.swift */,
				8E1C3CBE23858FE6005847A0 /* UILabelExtensions.swift */,
				D0941C3C238942EE0052F598 /* UIViewControllerExtenstion.swift */,
				D097768A238AA8250080F701 /* UIImageViewExtensions.swift */,
			);
			path = Extensions;
			sourceTree = "<group>";
		};
		D0B11B922385DEE500C74CEA /* Fonts */ = {
			isa = PBXGroup;
			children = (
				D0B11B8D2385DEDE00C74CEA /* Poppins-Bold.ttf */,
				D0B11B8E2385DEDE00C74CEA /* Poppins-Light.ttf */,
				D0B11B8C2385DEDE00C74CEA /* Poppins-Medium.ttf */,
			);
			path = Fonts;
			sourceTree = "<group>";
		};
/* End PBXGroup section */

/* Begin PBXNativeTarget section */
		D026F9C92372E41000372EA0 /* SelfBuy */ = {
			isa = PBXNativeTarget;
			buildConfigurationList = D026F9DE2372E41200372EA0 /* Build configuration list for PBXNativeTarget "SelfBuy" */;
			buildPhases = (
				D043C0C02389515B00B05967 /* Carthage Script */,
				D026F9C62372E41000372EA0 /* Sources */,
				D026F9C72372E41000372EA0 /* Frameworks */,
				D026F9C82372E41000372EA0 /* Resources */,
			);
			buildRules = (
			);
			dependencies = (
			);
			name = SelfBuy;
			productName = SelfBuy;
			productReference = D026F9CA2372E41000372EA0 /* Shok'o.app */;
			productType = "com.apple.product-type.application";
		};
/* End PBXNativeTarget section */

/* Begin PBXProject section */
		D026F9C22372E41000372EA0 /* Project object */ = {
			isa = PBXProject;
			attributes = {
				LastSwiftUpdateCheck = 1100;
				LastUpgradeCheck = 1100;
				ORGANIZATIONNAME = MaxenceMottard;
				TargetAttributes = {
					D026F9C92372E41000372EA0 = {
						CreatedOnToolsVersion = 11.0;
					};
				};
			};
			buildConfigurationList = D026F9C52372E41000372EA0 /* Build configuration list for PBXProject "SelfBuy" */;
			compatibilityVersion = "Xcode 9.3";
			developmentRegion = en;
			hasScannedForEncodings = 0;
			knownRegions = (
				en,
				Base,
			);
			mainGroup = D026F9C12372E41000372EA0;
			productRefGroup = D026F9CB2372E41000372EA0 /* Products */;
			projectDirPath = "";
			projectRoot = "";
			targets = (
				D026F9C92372E41000372EA0 /* SelfBuy */,
			);
		};
/* End PBXProject section */

/* Begin PBXResourcesBuildPhase section */
		D026F9C82372E41000372EA0 /* Resources */ = {
			isa = PBXResourcesBuildPhase;
			buildActionMask = 2147483647;
			files = (
				D043C0BB23894D0F00B05967 /* Cartfile in Resources */,
				D0B11B8F2385DEDE00C74CEA /* Poppins-Medium.ttf in Resources */,
				D0B11B912385DEDE00C74CEA /* Poppins-Light.ttf in Resources */,
				D026F9DA2372E41200372EA0 /* LaunchScreen.storyboard in Resources */,
				D026F9D72372E41200372EA0 /* Assets.xcassets in Resources */,
				D0B11B902385DEDE00C74CEA /* Poppins-Bold.ttf in Resources */,
			);
			runOnlyForDeploymentPostprocessing = 0;
		};
/* End PBXResourcesBuildPhase section */

/* Begin PBXShellScriptBuildPhase section */
		D043C0C02389515B00B05967 /* Carthage Script */ = {
			isa = PBXShellScriptBuildPhase;
			buildActionMask = 2147483647;
			files = (
			);
			inputFileListPaths = (
			);
			inputPaths = (
				"$(SRCROOT)/Carthage/Build/iOS/RxSwift.framework",
				"$(SRCROOT)/Carthage/Build/iOS/RxCocoa.framework",
				"$(SRCROOT)/Carthage/Build/iOS/RxRelay.framework",
				"$(SRCROOT)/Carthage/Build/iOS/Alamofire.framework",
			);
			name = "Carthage Script";
			outputFileListPaths = (
			);
			outputPaths = (
			);
			runOnlyForDeploymentPostprocessing = 0;
			shellPath = /bin/sh;
			shellScript = "/usr/local/bin/carthage copy-frameworks\n";
		};
/* End PBXShellScriptBuildPhase section */

/* Begin PBXSourcesBuildPhase section */
		D026F9C62372E41000372EA0 /* Sources */ = {
			isa = PBXSourcesBuildPhase;
			buildActionMask = 2147483647;
			files = (
				8E1C3CBD238588D0005847A0 /* Product.swift in Sources */,
				D0719DD023847DC10046EC0B /* UIColorExtensions.swift in Sources */,
				D043C0B523894A9E00B05967 /* ProductCellView.swift in Sources */,
				8E1C3CB823856DFC005847A0 /* CartCellViewModel.swift in Sources */,
				8E1C3CBB238588AA005847A0 /* CartItem.swift in Sources */,
				8E1C3CB323856B1E005847A0 /* CartViewModel.swift in Sources */,
				D0736013237494E600CD6B72 /* HomeViewModel.swift in Sources */,
				D07360182374A9E700CD6B72 /* UIViewController.swift in Sources */,
				D073601A2374AA1500CD6B72 /* ReusableView.swift in Sources */,
				D0941C3A238912F30052F598 /* CartCellView.swift in Sources */,
				D097768B238AA8250080F701 /* UIImageViewExtensions.swift in Sources */,
				D026F9CE2372E41000372EA0 /* AppDelegate.swift in Sources */,
				7366555D2385431C0062A358 /* SignInViewController.swift in Sources */,
				D0941C3D238942EE0052F598 /* UIViewControllerExtenstion.swift in Sources */,
				8E1C3CBF23858FE6005847A0 /* UILabelExtensions.swift in Sources */,
				D026F9D02372E41000372EA0 /* SceneDelegate.swift in Sources */,
				D043C0B723894BC100B05967 /* ProductCellViewModel.swift in Sources */,
				D043C0C62389566600B05967 /* ApiDTO.swift in Sources */,
				D043C0BF23894F9400B05967 /* Config.swift in Sources */,
				D043C0BD23894E5F00B05967 /* ProductApiService.swift in Sources */,
				D08A5C9D2374C78100221F37 /* ProfileViewController.swift in Sources */,
				D0B11B8B2385C3F000C74CEA /* CartViewController.swift in Sources */,
				D07360162374A46300CD6B72 /* TabBarViewController.swift in Sources */,
				D0719DCC238469610046EC0B /* UIViewExtensions.swift in Sources */,
				7347E1112385954C00644970 /* User.swift in Sources */,
				7366555F2385435E0062A358 /* SignInView.swift in Sources */,
				7347E10F2385948E00644970 /* TokenDTO.swift in Sources */,
				D026F9EA2373027B00372EA0 /* HomeViewController.swift in Sources */,
			);
			runOnlyForDeploymentPostprocessing = 0;
		};
/* End PBXSourcesBuildPhase section */

/* Begin PBXVariantGroup section */
		D026F9D82372E41200372EA0 /* LaunchScreen.storyboard */ = {
			isa = PBXVariantGroup;
			children = (
				D026F9D92372E41200372EA0 /* Base */,
			);
			name = LaunchScreen.storyboard;
			sourceTree = "<group>";
		};
/* End PBXVariantGroup section */

/* Begin XCBuildConfiguration section */
		D026F9DC2372E41200372EA0 /* Debug */ = {
			isa = XCBuildConfiguration;
			buildSettings = {
				ALWAYS_SEARCH_USER_PATHS = NO;
				CLANG_ANALYZER_NONNULL = YES;
				CLANG_ANALYZER_NUMBER_OBJECT_CONVERSION = YES_AGGRESSIVE;
				CLANG_CXX_LANGUAGE_STANDARD = "gnu++14";
				CLANG_CXX_LIBRARY = "libc++";
				CLANG_ENABLE_MODULES = YES;
				CLANG_ENABLE_OBJC_ARC = YES;
				CLANG_ENABLE_OBJC_WEAK = YES;
				CLANG_WARN_BLOCK_CAPTURE_AUTORELEASING = YES;
				CLANG_WARN_BOOL_CONVERSION = YES;
				CLANG_WARN_COMMA = YES;
				CLANG_WARN_CONSTANT_CONVERSION = YES;
				CLANG_WARN_DEPRECATED_OBJC_IMPLEMENTATIONS = YES;
				CLANG_WARN_DIRECT_OBJC_ISA_USAGE = YES_ERROR;
				CLANG_WARN_DOCUMENTATION_COMMENTS = YES;
				CLANG_WARN_EMPTY_BODY = YES;
				CLANG_WARN_ENUM_CONVERSION = YES;
				CLANG_WARN_INFINITE_RECURSION = YES;
				CLANG_WARN_INT_CONVERSION = YES;
				CLANG_WARN_NON_LITERAL_NULL_CONVERSION = YES;
				CLANG_WARN_OBJC_IMPLICIT_RETAIN_SELF = YES;
				CLANG_WARN_OBJC_LITERAL_CONVERSION = YES;
				CLANG_WARN_OBJC_ROOT_CLASS = YES_ERROR;
				CLANG_WARN_RANGE_LOOP_ANALYSIS = YES;
				CLANG_WARN_STRICT_PROTOTYPES = YES;
				CLANG_WARN_SUSPICIOUS_MOVE = YES;
				CLANG_WARN_UNGUARDED_AVAILABILITY = YES_AGGRESSIVE;
				CLANG_WARN_UNREACHABLE_CODE = YES;
				CLANG_WARN__DUPLICATE_METHOD_MATCH = YES;
				COPY_PHASE_STRIP = NO;
				DEBUG_INFORMATION_FORMAT = dwarf;
				ENABLE_STRICT_OBJC_MSGSEND = YES;
				ENABLE_TESTABILITY = YES;
				GCC_C_LANGUAGE_STANDARD = gnu11;
				GCC_DYNAMIC_NO_PIC = NO;
				GCC_NO_COMMON_BLOCKS = YES;
				GCC_OPTIMIZATION_LEVEL = 0;
				GCC_PREPROCESSOR_DEFINITIONS = (
					"DEBUG=1",
					"$(inherited)",
				);
				GCC_WARN_64_TO_32_BIT_CONVERSION = YES;
				GCC_WARN_ABOUT_RETURN_TYPE = YES_ERROR;
				GCC_WARN_UNDECLARED_SELECTOR = YES;
				GCC_WARN_UNINITIALIZED_AUTOS = YES_AGGRESSIVE;
				GCC_WARN_UNUSED_FUNCTION = YES;
				GCC_WARN_UNUSED_VARIABLE = YES;
				IPHONEOS_DEPLOYMENT_TARGET = 13.0;
				MTL_ENABLE_DEBUG_INFO = INCLUDE_SOURCE;
				MTL_FAST_MATH = YES;
				ONLY_ACTIVE_ARCH = YES;
				SDKROOT = iphoneos;
				SWIFT_ACTIVE_COMPILATION_CONDITIONS = DEBUG;
				SWIFT_OPTIMIZATION_LEVEL = "-Onone";
			};
			name = Debug;
		};
		D026F9DD2372E41200372EA0 /* Release */ = {
			isa = XCBuildConfiguration;
			buildSettings = {
				ALWAYS_SEARCH_USER_PATHS = NO;
				CLANG_ANALYZER_NONNULL = YES;
				CLANG_ANALYZER_NUMBER_OBJECT_CONVERSION = YES_AGGRESSIVE;
				CLANG_CXX_LANGUAGE_STANDARD = "gnu++14";
				CLANG_CXX_LIBRARY = "libc++";
				CLANG_ENABLE_MODULES = YES;
				CLANG_ENABLE_OBJC_ARC = YES;
				CLANG_ENABLE_OBJC_WEAK = YES;
				CLANG_WARN_BLOCK_CAPTURE_AUTORELEASING = YES;
				CLANG_WARN_BOOL_CONVERSION = YES;
				CLANG_WARN_COMMA = YES;
				CLANG_WARN_CONSTANT_CONVERSION = YES;
				CLANG_WARN_DEPRECATED_OBJC_IMPLEMENTATIONS = YES;
				CLANG_WARN_DIRECT_OBJC_ISA_USAGE = YES_ERROR;
				CLANG_WARN_DOCUMENTATION_COMMENTS = YES;
				CLANG_WARN_EMPTY_BODY = YES;
				CLANG_WARN_ENUM_CONVERSION = YES;
				CLANG_WARN_INFINITE_RECURSION = YES;
				CLANG_WARN_INT_CONVERSION = YES;
				CLANG_WARN_NON_LITERAL_NULL_CONVERSION = YES;
				CLANG_WARN_OBJC_IMPLICIT_RETAIN_SELF = YES;
				CLANG_WARN_OBJC_LITERAL_CONVERSION = YES;
				CLANG_WARN_OBJC_ROOT_CLASS = YES_ERROR;
				CLANG_WARN_RANGE_LOOP_ANALYSIS = YES;
				CLANG_WARN_STRICT_PROTOTYPES = YES;
				CLANG_WARN_SUSPICIOUS_MOVE = YES;
				CLANG_WARN_UNGUARDED_AVAILABILITY = YES_AGGRESSIVE;
				CLANG_WARN_UNREACHABLE_CODE = YES;
				CLANG_WARN__DUPLICATE_METHOD_MATCH = YES;
				COPY_PHASE_STRIP = NO;
				DEBUG_INFORMATION_FORMAT = "dwarf-with-dsym";
				ENABLE_NS_ASSERTIONS = NO;
				ENABLE_STRICT_OBJC_MSGSEND = YES;
				GCC_C_LANGUAGE_STANDARD = gnu11;
				GCC_NO_COMMON_BLOCKS = YES;
				GCC_WARN_64_TO_32_BIT_CONVERSION = YES;
				GCC_WARN_ABOUT_RETURN_TYPE = YES_ERROR;
				GCC_WARN_UNDECLARED_SELECTOR = YES;
				GCC_WARN_UNINITIALIZED_AUTOS = YES_AGGRESSIVE;
				GCC_WARN_UNUSED_FUNCTION = YES;
				GCC_WARN_UNUSED_VARIABLE = YES;
				IPHONEOS_DEPLOYMENT_TARGET = 13.0;
				MTL_ENABLE_DEBUG_INFO = NO;
				MTL_FAST_MATH = YES;
				SDKROOT = iphoneos;
				SWIFT_COMPILATION_MODE = wholemodule;
				SWIFT_OPTIMIZATION_LEVEL = "-O";
				VALIDATE_PRODUCT = YES;
			};
			name = Release;
		};
		D026F9DF2372E41200372EA0 /* Debug */ = {
			isa = XCBuildConfiguration;
			buildSettings = {
				ASSETCATALOG_COMPILER_APPICON_NAME = AppIcon;
				CODE_SIGN_STYLE = Automatic;
				DEVELOPMENT_TEAM = 94FLWD5X32;
				FRAMEWORK_SEARCH_PATHS = (
					"$(inherited)",
					"$(PROJECT_DIR)/Carthage/Build/iOS",
				);
				INFOPLIST_FILE = "SelfBuy/Application/Supporting Files/Info.plist";
				LD_RUNPATH_SEARCH_PATHS = (
					"$(inherited)",
					"@executable_path/Frameworks",
				);
				PRODUCT_BUNDLE_IDENTIFIER = com.ynov.shoko;
				PRODUCT_NAME = "Shok'o";
				SWIFT_VERSION = 5.0;
				TARGETED_DEVICE_FAMILY = "1,2";
			};
			name = Debug;
		};
		D026F9E02372E41200372EA0 /* Release */ = {
			isa = XCBuildConfiguration;
			buildSettings = {
				ASSETCATALOG_COMPILER_APPICON_NAME = AppIcon;
				CODE_SIGN_STYLE = Automatic;
				DEVELOPMENT_TEAM = 94FLWD5X32;
				FRAMEWORK_SEARCH_PATHS = (
					"$(inherited)",
					"$(PROJECT_DIR)/Carthage/Build/iOS",
				);
				INFOPLIST_FILE = "SelfBuy/Application/Supporting Files/Info.plist";
				LD_RUNPATH_SEARCH_PATHS = (
					"$(inherited)",
					"@executable_path/Frameworks",
				);
				PRODUCT_BUNDLE_IDENTIFIER = com.ynov.shoko;
				PRODUCT_NAME = "Shok'o";
				SWIFT_VERSION = 5.0;
				TARGETED_DEVICE_FAMILY = "1,2";
			};
			name = Release;
		};
/* End XCBuildConfiguration section */

/* Begin XCConfigurationList section */
		D026F9C52372E41000372EA0 /* Build configuration list for PBXProject "SelfBuy" */ = {
			isa = XCConfigurationList;
			buildConfigurations = (
				D026F9DC2372E41200372EA0 /* Debug */,
				D026F9DD2372E41200372EA0 /* Release */,
			);
			defaultConfigurationIsVisible = 0;
			defaultConfigurationName = Release;
		};
		D026F9DE2372E41200372EA0 /* Build configuration list for PBXNativeTarget "SelfBuy" */ = {
			isa = XCConfigurationList;
			buildConfigurations = (
				D026F9DF2372E41200372EA0 /* Debug */,
				D026F9E02372E41200372EA0 /* Release */,
			);
			defaultConfigurationIsVisible = 0;
			defaultConfigurationName = Release;
		};
/* End XCConfigurationList section */
	};
	rootObject = D026F9C22372E41000372EA0 /* Project object */;
}
