// !$*UTF8*$!
{
	archiveVersion = 1;
	classes = {
	};
	objectVersion = 50;
	objects = {

/* Begin PBXBuildFile section */
		7320AF3A23AA514300FF5EB7 /* RegisterViewModel.swift in Sources */ = {isa = PBXBuildFile; fileRef = 7320AF3923AA514300FF5EB7 /* RegisterViewModel.swift */; };
		7347E10F2385948E00644970 /* Token.swift in Sources */ = {isa = PBXBuildFile; fileRef = 7347E10E2385948E00644970 /* Token.swift */; };
		7347E1112385954C00644970 /* User.swift in Sources */ = {isa = PBXBuildFile; fileRef = 7347E1102385954C00644970 /* User.swift */; };
		7366555D2385431C0062A358 /* LoginViewController.swift in Sources */ = {isa = PBXBuildFile; fileRef = 7366555C2385431C0062A358 /* LoginViewController.swift */; };
		7380E7322397DE1500685B7C /* AuthAPIService.swift in Sources */ = {isa = PBXBuildFile; fileRef = 7380E7312397DE1500685B7C /* AuthAPIService.swift */; };
		73872A1A23AA7C59007530CB /* RegisterDTO.swift in Sources */ = {isa = PBXBuildFile; fileRef = 73872A1923AA7C59007530CB /* RegisterDTO.swift */; };
		73872A1C23AA817C007530CB /* RegisterResponseDTO.swift in Sources */ = {isa = PBXBuildFile; fileRef = 73872A1B23AA817C007530CB /* RegisterResponseDTO.swift */; };
		7396720C23AA237A0077EFA5 /* LoginViewModel.swift in Sources */ = {isa = PBXBuildFile; fileRef = 7396720B23AA237A0077EFA5 /* LoginViewModel.swift */; };
		7396720E23AA359B0077EFA5 /* RegisterViewController.swift in Sources */ = {isa = PBXBuildFile; fileRef = 7396720D23AA359B0077EFA5 /* RegisterViewController.swift */; };
		8E1C3CB323856B1E005847A0 /* CartViewModel.swift in Sources */ = {isa = PBXBuildFile; fileRef = 8E1C3CB223856B1E005847A0 /* CartViewModel.swift */; };
		8E1C3CB823856DFC005847A0 /* CartCellViewModel.swift in Sources */ = {isa = PBXBuildFile; fileRef = 8E1C3CB723856DFC005847A0 /* CartCellViewModel.swift */; };
		8E1C3CBB238588AA005847A0 /* CartItem.swift in Sources */ = {isa = PBXBuildFile; fileRef = 8E1C3CBA238588AA005847A0 /* CartItem.swift */; };
		8E1C3CBD238588D0005847A0 /* Product.swift in Sources */ = {isa = PBXBuildFile; fileRef = 8E1C3CBC238588D0005847A0 /* Product.swift */; };
		8E1C3CBF23858FE6005847A0 /* UILabelExtensions.swift in Sources */ = {isa = PBXBuildFile; fileRef = 8E1C3CBE23858FE6005847A0 /* UILabelExtensions.swift */; };
		B374343D23F4303100F9B288 /* RefreshTokenDTO.swift in Sources */ = {isa = PBXBuildFile; fileRef = B374343C23F4303100F9B288 /* RefreshTokenDTO.swift */; };
		B376F52B23F4357C00FD8F3A /* ApiError.swift in Sources */ = {isa = PBXBuildFile; fileRef = B376F52A23F4357C00FD8F3A /* ApiError.swift */; };
		B3C4D2F1242B93160083F47F /* AddCardViewController.swift in Sources */ = {isa = PBXBuildFile; fileRef = B3C4D2F0242B93160083F47F /* AddCardViewController.swift */; };
		B3C4D2F4242B93650083F47F /* AddCardViewModel.swift in Sources */ = {isa = PBXBuildFile; fileRef = B3C4D2F3242B93650083F47F /* AddCardViewModel.swift */; };
		B3C4D2F6242B98C90083F47F /* PaymentApiService.swift in Sources */ = {isa = PBXBuildFile; fileRef = B3C4D2F5242B98C90083F47F /* PaymentApiService.swift */; };
		B3C4D2FC242BA31C0083F47F /* ProductPayment.swift in Sources */ = {isa = PBXBuildFile; fileRef = B3C4D2FB242BA31C0083F47F /* ProductPayment.swift */; };
		B3C4D2FE242BA3610083F47F /* ProductPaymentDTO.swift in Sources */ = {isa = PBXBuildFile; fileRef = B3C4D2FD242BA3610083F47F /* ProductPaymentDTO.swift */; };
		B3C4D300242BA7670083F47F /* CardPaymentDTO.swift in Sources */ = {isa = PBXBuildFile; fileRef = B3C4D2FF242BA7670083F47F /* CardPaymentDTO.swift */; };
		B3C4D302242BA7720083F47F /* StripeCard.swift in Sources */ = {isa = PBXBuildFile; fileRef = B3C4D301242BA7720083F47F /* StripeCard.swift */; };
		B3C4D304242BA8CA0083F47F /* StripeRequest.swift in Sources */ = {isa = PBXBuildFile; fileRef = B3C4D303242BA8CA0083F47F /* StripeRequest.swift */; };
		D01E3FCD244D28290091931B /* URLExtensions.swift in Sources */ = {isa = PBXBuildFile; fileRef = D01E3FCC244D28290091931B /* URLExtensions.swift */; };
		D01E3FD2244D2B600091931B /* UserActivationViewController.swift in Sources */ = {isa = PBXBuildFile; fileRef = D01E3FD1244D2B600091931B /* UserActivationViewController.swift */; };
		D01E3FD5244D2B720091931B /* UserActivationViewModel.swift in Sources */ = {isa = PBXBuildFile; fileRef = D01E3FD4244D2B720091931B /* UserActivationViewModel.swift */; };
		D01E86E2244D85B000C65C59 /* UserActivationDTO.swift in Sources */ = {isa = PBXBuildFile; fileRef = D01E86E1244D85B000C65C59 /* UserActivationDTO.swift */; };
		D01E86E6244DFB5B00C65C59 /* TabBarService.swift in Sources */ = {isa = PBXBuildFile; fileRef = D01E86E5244DFB5B00C65C59 /* TabBarService.swift */; };
		D026F9CE2372E41000372EA0 /* AppDelegate.swift in Sources */ = {isa = PBXBuildFile; fileRef = D026F9CD2372E41000372EA0 /* AppDelegate.swift */; };
		D026F9D02372E41000372EA0 /* SceneDelegate.swift in Sources */ = {isa = PBXBuildFile; fileRef = D026F9CF2372E41000372EA0 /* SceneDelegate.swift */; };
		D026F9D72372E41200372EA0 /* Assets.xcassets in Resources */ = {isa = PBXBuildFile; fileRef = D026F9D62372E41200372EA0 /* Assets.xcassets */; };
		D026F9DA2372E41200372EA0 /* LaunchScreen.storyboard in Resources */ = {isa = PBXBuildFile; fileRef = D026F9D82372E41200372EA0 /* LaunchScreen.storyboard */; };
		D026F9EA2373027B00372EA0 /* HomeViewController.swift in Sources */ = {isa = PBXBuildFile; fileRef = D026F9E92373027B00372EA0 /* HomeViewController.swift */; };
		D043C0B523894A9E00B05967 /* ProductCellView.swift in Sources */ = {isa = PBXBuildFile; fileRef = D043C0B423894A9E00B05967 /* ProductCellView.swift */; };
		D043C0B723894BC100B05967 /* ProductCellViewModel.swift in Sources */ = {isa = PBXBuildFile; fileRef = D043C0B623894BC100B05967 /* ProductCellViewModel.swift */; };
		D043C0BB23894D0F00B05967 /* Cartfile in Resources */ = {isa = PBXBuildFile; fileRef = D043C0BA23894D0F00B05967 /* Cartfile */; };
		D043C0BD23894E5F00B05967 /* ProductApiService.swift in Sources */ = {isa = PBXBuildFile; fileRef = D043C0BC23894E5F00B05967 /* ProductApiService.swift */; };
		D043C0BF23894F9400B05967 /* Config.swift in Sources */ = {isa = PBXBuildFile; fileRef = D043C0BE23894F9400B05967 /* Config.swift */; };
		D043C0C62389566600B05967 /* GenericServerResponse.swift in Sources */ = {isa = PBXBuildFile; fileRef = D043C0C52389566600B05967 /* GenericServerResponse.swift */; };
		D0441D962455FE9C0027F9F8 /* PaymentBreadcrumbView.swift in Sources */ = {isa = PBXBuildFile; fileRef = D0441D952455FE9C0027F9F8 /* PaymentBreadcrumbView.swift */; };
		D0441D982455FEDF0027F9F8 /* PaymentBreadcrumbViewModel.swift in Sources */ = {isa = PBXBuildFile; fileRef = D0441D972455FEDF0027F9F8 /* PaymentBreadcrumbViewModel.swift */; };
		D0441D9A2455FF8A0027F9F8 /* BreadcrumbStepView.swift in Sources */ = {isa = PBXBuildFile; fileRef = D0441D992455FF8A0027F9F8 /* BreadcrumbStepView.swift */; };
		D051DD50244A598200D6AC3C /* PaymentMethodViewController.swift in Sources */ = {isa = PBXBuildFile; fileRef = D051DD4F244A598200D6AC3C /* PaymentMethodViewController.swift */; };
		D0632E04241926550010A7D9 /* InfoLine.swift in Sources */ = {isa = PBXBuildFile; fileRef = D0632E03241926550010A7D9 /* InfoLine.swift */; };
		D0709B29239FB5E500055F20 /* Request.swift in Sources */ = {isa = PBXBuildFile; fileRef = D0709B28239FB5E500055F20 /* Request.swift */; };
		D0719DCC238469610046EC0B /* UIViewExtensions.swift in Sources */ = {isa = PBXBuildFile; fileRef = D0719DCB238469610046EC0B /* UIViewExtensions.swift */; };
		D0719DD023847DC10046EC0B /* UIColorExtensions.swift in Sources */ = {isa = PBXBuildFile; fileRef = D0719DCF23847DC10046EC0B /* UIColorExtensions.swift */; };
		D0736013237494E600CD6B72 /* HomeViewModel.swift in Sources */ = {isa = PBXBuildFile; fileRef = D0736012237494E600CD6B72 /* HomeViewModel.swift */; };
		D07360162374A46300CD6B72 /* TabBarViewController.swift in Sources */ = {isa = PBXBuildFile; fileRef = D07360152374A46300CD6B72 /* TabBarViewController.swift */; };
		D07360182374A9E700CD6B72 /* UIViewController.swift in Sources */ = {isa = PBXBuildFile; fileRef = D07360172374A9E700CD6B72 /* UIViewController.swift */; };
		D073601A2374AA1500CD6B72 /* ReusableView.swift in Sources */ = {isa = PBXBuildFile; fileRef = D07360192374AA1500CD6B72 /* ReusableView.swift */; };
		D07BEA1A2455E5B600B4A053 /* PaymentViewController.swift in Sources */ = {isa = PBXBuildFile; fileRef = D07BEA192455E5B600B4A053 /* PaymentViewController.swift */; };
		D07BEA1D2455E62500B4A053 /* PaymentViewModel.swift in Sources */ = {isa = PBXBuildFile; fileRef = D07BEA1C2455E62500B4A053 /* PaymentViewModel.swift */; };
		D07BEA232455ECE300B4A053 /* PaymentCellView.swift in Sources */ = {isa = PBXBuildFile; fileRef = D07BEA222455ECE300B4A053 /* PaymentCellView.swift */; };
		D07BEA272455EF5500B4A053 /* SelectPaymentMethodView.swift in Sources */ = {isa = PBXBuildFile; fileRef = D07BEA262455EF5500B4A053 /* SelectPaymentMethodView.swift */; };
		D07E38B024563DDC00F7E8FF /* UserRepository.swift in Sources */ = {isa = PBXBuildFile; fileRef = D07E38AF24563DDC00F7E8FF /* UserRepository.swift */; };
		D07E38B2245641B600F7E8FF /* AccountViewModel.swift in Sources */ = {isa = PBXBuildFile; fileRef = D07E38B1245641B600F7E8FF /* AccountViewModel.swift */; };
		D08681D1239FF84600F65961 /* AnyEncodable.swift in Sources */ = {isa = PBXBuildFile; fileRef = D08681D0239FF84600F65961 /* AnyEncodable.swift */; };
		D08681D3239FF91900F65961 /* UserDTO.swift in Sources */ = {isa = PBXBuildFile; fileRef = D08681D2239FF91900F65961 /* UserDTO.swift */; };
		D08A5C9D2374C78100221F37 /* ProfileViewController.swift in Sources */ = {isa = PBXBuildFile; fileRef = D08A5C9C2374C78100221F37 /* ProfileViewController.swift */; };
		D0941C3A238912F30052F598 /* CartCellView.swift in Sources */ = {isa = PBXBuildFile; fileRef = D0941C39238912F30052F598 /* CartCellView.swift */; };
		D0941C3D238942EE0052F598 /* UIViewControllerExtenstion.swift in Sources */ = {isa = PBXBuildFile; fileRef = D0941C3C238942EE0052F598 /* UIViewControllerExtenstion.swift */; };
		D097768B238AA8250080F701 /* UIImageViewExtensions.swift in Sources */ = {isa = PBXBuildFile; fileRef = D097768A238AA8250080F701 /* UIImageViewExtensions.swift */; };
		D0A54DB5245C5B88007A1079 /* SelectPaymentMethodViewModel.swift in Sources */ = {isa = PBXBuildFile; fileRef = D0A54DB4245C5B88007A1079 /* SelectPaymentMethodViewModel.swift */; };
		D0B11B8B2385C3F000C74CEA /* CartViewController.swift in Sources */ = {isa = PBXBuildFile; fileRef = D0B11B8A2385C3F000C74CEA /* CartViewController.swift */; };
		D0C03476244C9C93008ACAAC /* PresentableViewController.swift in Sources */ = {isa = PBXBuildFile; fileRef = D0C03475244C9C93008ACAAC /* PresentableViewController.swift */; };
		D0C03478244CADBB008ACAAC /* AuthenticationManager.swift in Sources */ = {isa = PBXBuildFile; fileRef = D0C03477244CADBB008ACAAC /* AuthenticationManager.swift */; };
		D0C0987524523A9C00239225 /* LinkCardDTO.swift in Sources */ = {isa = PBXBuildFile; fileRef = D0C0987424523A9C00239225 /* LinkCardDTO.swift */; };
		D0C098772452423F00239225 /* CardRepository.swift in Sources */ = {isa = PBXBuildFile; fileRef = D0C098762452423F00239225 /* CardRepository.swift */; };
		D0CE24A62393002E00C41ACD /* ProductDetailViewController.swift in Sources */ = {isa = PBXBuildFile; fileRef = D0CE24A52393002E00C41ACD /* ProductDetailViewController.swift */; };
		D0CE24A92393005B00C41ACD /* ProductDetailViewModel.swift in Sources */ = {isa = PBXBuildFile; fileRef = D0CE24A82393005B00C41ACD /* ProductDetailViewModel.swift */; };
		D0E396802452BB4D00D8E114 /* DeletableItemView.swift in Sources */ = {isa = PBXBuildFile; fileRef = D0E3967F2452BB4D00D8E114 /* DeletableItemView.swift */; };
		D0E57511244AD4CC00B7B26A /* PaymentMethodViewModel.swift in Sources */ = {isa = PBXBuildFile; fileRef = D0E57510244AD4CC00B7B26A /* PaymentMethodViewModel.swift */; };
		D0E57513244AD54400B7B26A /* Card.swift in Sources */ = {isa = PBXBuildFile; fileRef = D0E57512244AD54400B7B26A /* Card.swift */; };
		D0E57516244ADAB400B7B26A /* PaymentMethodCellView.swift in Sources */ = {isa = PBXBuildFile; fileRef = D0E57515244ADAB400B7B26A /* PaymentMethodCellView.swift */; };
		D0E57518244ADAD500B7B26A /* PaymentMethodCellViewModel.swift in Sources */ = {isa = PBXBuildFile; fileRef = D0E57517244ADAD500B7B26A /* PaymentMethodCellViewModel.swift */; };
		D0E5751A244B05E400B7B26A /* CartItemRepository.swift in Sources */ = {isa = PBXBuildFile; fileRef = D0E57519244B05E400B7B26A /* CartItemRepository.swift */; };
		D0E5751C244B06B300B7B26A /* CartItemDTO.swift in Sources */ = {isa = PBXBuildFile; fileRef = D0E5751B244B06B300B7B26A /* CartItemDTO.swift */; };
		D0E57524244B582100B7B26A /* Inter-Bold.ttf in Resources */ = {isa = PBXBuildFile; fileRef = D0E57522244B53B000B7B26A /* Inter-Bold.ttf */; };
		D0E57525244B582100B7B26A /* Inter-Light.ttf in Resources */ = {isa = PBXBuildFile; fileRef = D0E57521244B53B000B7B26A /* Inter-Light.ttf */; };
		D0E57526244B582100B7B26A /* Inter-Medium.ttf in Resources */ = {isa = PBXBuildFile; fileRef = D0E57523244B53B000B7B26A /* Inter-Medium.ttf */; };
		E300E2FC242B956600D122C5 /* UserApiService.swift in Sources */ = {isa = PBXBuildFile; fileRef = E300E2FB242B956600D122C5 /* UserApiService.swift */; };
		E3163E6D23C9377C00AC83A9 /* ProfileButton.swift in Sources */ = {isa = PBXBuildFile; fileRef = E3163E6C23C9377B00AC83A9 /* ProfileButton.swift */; };
		E31702DB245629CE004FD16D /* UserEditViewController.swift in Sources */ = {isa = PBXBuildFile; fileRef = E31702DA245629CE004FD16D /* UserEditViewController.swift */; };
		E31702DD24562C4F004FD16D /* UserEditViewModel.swift in Sources */ = {isa = PBXBuildFile; fileRef = E31702DC24562C4F004FD16D /* UserEditViewModel.swift */; };
		E321773F245DADFF00D637A3 /* CartRecapView.swift in Sources */ = {isa = PBXBuildFile; fileRef = E321773E245DADFE00D637A3 /* CartRecapView.swift */; };
		E3217741245DAE1100D637A3 /* ShippingRecapView.swift in Sources */ = {isa = PBXBuildFile; fileRef = E3217740245DAE1100D637A3 /* ShippingRecapView.swift */; };
		E33D3BF9245F392C00AED9EF /* CartRecapCellView.swift in Sources */ = {isa = PBXBuildFile; fileRef = E33D3BF8245F392C00AED9EF /* CartRecapCellView.swift */; };
		E36F5193245792A5001E0C50 /* UserEditDTO.swift in Sources */ = {isa = PBXBuildFile; fileRef = E36F5192245792A5001E0C50 /* UserEditDTO.swift */; };
		E3880D65245C7B1D009A12FA /* OrderShippingView.swift in Sources */ = {isa = PBXBuildFile; fileRef = E3880D64245C7B1D009A12FA /* OrderShippingView.swift */; };
		E3880D67245C7BE1009A12FA /* OrderShippingViewModel.swift in Sources */ = {isa = PBXBuildFile; fileRef = E3880D66245C7BE1009A12FA /* OrderShippingViewModel.swift */; };
		E3880D69245C927C009A12FA /* UserOrderShippingDTO.swift in Sources */ = {isa = PBXBuildFile; fileRef = E3880D68245C927C009A12FA /* UserOrderShippingDTO.swift */; };
		E3880D6B245C9982009A12FA /* OrderConfirmationView.swift in Sources */ = {isa = PBXBuildFile; fileRef = E3880D6A245C9982009A12FA /* OrderConfirmationView.swift */; };
		E3945F46239290AC007ED444 /* AccountViewController.swift in Sources */ = {isa = PBXBuildFile; fileRef = E3945F45239290AC007ED444 /* AccountViewController.swift */; };
/* End PBXBuildFile section */

/* Begin PBXFileReference section */
		7320AF3923AA514300FF5EB7 /* RegisterViewModel.swift */ = {isa = PBXFileReference; lastKnownFileType = sourcecode.swift; path = RegisterViewModel.swift; sourceTree = "<group>"; };
		7347E10E2385948E00644970 /* Token.swift */ = {isa = PBXFileReference; lastKnownFileType = sourcecode.swift; path = Token.swift; sourceTree = "<group>"; };
		7347E1102385954C00644970 /* User.swift */ = {isa = PBXFileReference; lastKnownFileType = sourcecode.swift; path = User.swift; sourceTree = "<group>"; };
		7366555C2385431C0062A358 /* LoginViewController.swift */ = {isa = PBXFileReference; lastKnownFileType = sourcecode.swift; path = LoginViewController.swift; sourceTree = "<group>"; };
		7380E7312397DE1500685B7C /* AuthAPIService.swift */ = {isa = PBXFileReference; lastKnownFileType = sourcecode.swift; path = AuthAPIService.swift; sourceTree = "<group>"; };
		73872A1923AA7C59007530CB /* RegisterDTO.swift */ = {isa = PBXFileReference; lastKnownFileType = sourcecode.swift; path = RegisterDTO.swift; sourceTree = "<group>"; };
		73872A1B23AA817C007530CB /* RegisterResponseDTO.swift */ = {isa = PBXFileReference; lastKnownFileType = sourcecode.swift; path = RegisterResponseDTO.swift; sourceTree = "<group>"; };
		7396720B23AA237A0077EFA5 /* LoginViewModel.swift */ = {isa = PBXFileReference; lastKnownFileType = sourcecode.swift; path = LoginViewModel.swift; sourceTree = "<group>"; };
		7396720D23AA359B0077EFA5 /* RegisterViewController.swift */ = {isa = PBXFileReference; lastKnownFileType = sourcecode.swift; path = RegisterViewController.swift; sourceTree = "<group>"; };
		8E1C3CB223856B1E005847A0 /* CartViewModel.swift */ = {isa = PBXFileReference; lastKnownFileType = sourcecode.swift; path = CartViewModel.swift; sourceTree = "<group>"; };
		8E1C3CB723856DFC005847A0 /* CartCellViewModel.swift */ = {isa = PBXFileReference; lastKnownFileType = sourcecode.swift; path = CartCellViewModel.swift; sourceTree = "<group>"; };
		8E1C3CBA238588AA005847A0 /* CartItem.swift */ = {isa = PBXFileReference; lastKnownFileType = sourcecode.swift; path = CartItem.swift; sourceTree = "<group>"; };
		8E1C3CBC238588D0005847A0 /* Product.swift */ = {isa = PBXFileReference; lastKnownFileType = sourcecode.swift; path = Product.swift; sourceTree = "<group>"; };
		8E1C3CBE23858FE6005847A0 /* UILabelExtensions.swift */ = {isa = PBXFileReference; lastKnownFileType = sourcecode.swift; path = UILabelExtensions.swift; sourceTree = "<group>"; };
		B374343C23F4303100F9B288 /* RefreshTokenDTO.swift */ = {isa = PBXFileReference; lastKnownFileType = sourcecode.swift; path = RefreshTokenDTO.swift; sourceTree = "<group>"; };
		B376F52A23F4357C00FD8F3A /* ApiError.swift */ = {isa = PBXFileReference; lastKnownFileType = sourcecode.swift; path = ApiError.swift; sourceTree = "<group>"; };
		B3C4D2F0242B93160083F47F /* AddCardViewController.swift */ = {isa = PBXFileReference; lastKnownFileType = sourcecode.swift; path = AddCardViewController.swift; sourceTree = "<group>"; };
		B3C4D2F3242B93650083F47F /* AddCardViewModel.swift */ = {isa = PBXFileReference; lastKnownFileType = sourcecode.swift; path = AddCardViewModel.swift; sourceTree = "<group>"; };
		B3C4D2F5242B98C90083F47F /* PaymentApiService.swift */ = {isa = PBXFileReference; lastKnownFileType = sourcecode.swift; path = PaymentApiService.swift; sourceTree = "<group>"; };
		B3C4D2FB242BA31C0083F47F /* ProductPayment.swift */ = {isa = PBXFileReference; lastKnownFileType = sourcecode.swift; path = ProductPayment.swift; sourceTree = "<group>"; };
		B3C4D2FD242BA3610083F47F /* ProductPaymentDTO.swift */ = {isa = PBXFileReference; lastKnownFileType = sourcecode.swift; path = ProductPaymentDTO.swift; sourceTree = "<group>"; };
		B3C4D2FF242BA7670083F47F /* CardPaymentDTO.swift */ = {isa = PBXFileReference; lastKnownFileType = sourcecode.swift; path = CardPaymentDTO.swift; sourceTree = "<group>"; };
		B3C4D301242BA7720083F47F /* StripeCard.swift */ = {isa = PBXFileReference; lastKnownFileType = sourcecode.swift; path = StripeCard.swift; sourceTree = "<group>"; };
		B3C4D303242BA8CA0083F47F /* StripeRequest.swift */ = {isa = PBXFileReference; lastKnownFileType = sourcecode.swift; path = StripeRequest.swift; sourceTree = "<group>"; };
		D01E3FCB244D24560091931B /* Shok'o.entitlements */ = {isa = PBXFileReference; lastKnownFileType = text.plist.entitlements; path = "Shok'o.entitlements"; sourceTree = "<group>"; };
		D01E3FCC244D28290091931B /* URLExtensions.swift */ = {isa = PBXFileReference; lastKnownFileType = sourcecode.swift; path = URLExtensions.swift; sourceTree = "<group>"; };
		D01E3FD1244D2B600091931B /* UserActivationViewController.swift */ = {isa = PBXFileReference; lastKnownFileType = sourcecode.swift; path = UserActivationViewController.swift; sourceTree = "<group>"; };
		D01E3FD4244D2B720091931B /* UserActivationViewModel.swift */ = {isa = PBXFileReference; lastKnownFileType = sourcecode.swift; path = UserActivationViewModel.swift; sourceTree = "<group>"; };
		D01E86E1244D85B000C65C59 /* UserActivationDTO.swift */ = {isa = PBXFileReference; lastKnownFileType = sourcecode.swift; path = UserActivationDTO.swift; sourceTree = "<group>"; };
		D01E86E5244DFB5B00C65C59 /* TabBarService.swift */ = {isa = PBXFileReference; lastKnownFileType = sourcecode.swift; path = TabBarService.swift; sourceTree = "<group>"; };
		D026F9CA2372E41000372EA0 /* Shok'o.app */ = {isa = PBXFileReference; explicitFileType = wrapper.application; includeInIndex = 0; path = "Shok'o.app"; sourceTree = BUILT_PRODUCTS_DIR; };
		D026F9CD2372E41000372EA0 /* AppDelegate.swift */ = {isa = PBXFileReference; lastKnownFileType = sourcecode.swift; path = AppDelegate.swift; sourceTree = "<group>"; };
		D026F9CF2372E41000372EA0 /* SceneDelegate.swift */ = {isa = PBXFileReference; lastKnownFileType = sourcecode.swift; path = SceneDelegate.swift; sourceTree = "<group>"; };
		D026F9D62372E41200372EA0 /* Assets.xcassets */ = {isa = PBXFileReference; lastKnownFileType = folder.assetcatalog; path = Assets.xcassets; sourceTree = "<group>"; };
		D026F9D92372E41200372EA0 /* Base */ = {isa = PBXFileReference; lastKnownFileType = file.storyboard; name = Base; path = Base.lproj/LaunchScreen.storyboard; sourceTree = "<group>"; };
		D026F9DB2372E41200372EA0 /* Info.plist */ = {isa = PBXFileReference; lastKnownFileType = text.plist.xml; path = Info.plist; sourceTree = "<group>"; };
		D026F9E92373027B00372EA0 /* HomeViewController.swift */ = {isa = PBXFileReference; lastKnownFileType = sourcecode.swift; path = HomeViewController.swift; sourceTree = "<group>"; };
		D043C0B423894A9E00B05967 /* ProductCellView.swift */ = {isa = PBXFileReference; lastKnownFileType = sourcecode.swift; path = ProductCellView.swift; sourceTree = "<group>"; };
		D043C0B623894BC100B05967 /* ProductCellViewModel.swift */ = {isa = PBXFileReference; lastKnownFileType = sourcecode.swift; path = ProductCellViewModel.swift; sourceTree = "<group>"; };
		D043C0BA23894D0F00B05967 /* Cartfile */ = {isa = PBXFileReference; fileEncoding = 4; lastKnownFileType = text; path = Cartfile; sourceTree = "<group>"; };
		D043C0BC23894E5F00B05967 /* ProductApiService.swift */ = {isa = PBXFileReference; lastKnownFileType = sourcecode.swift; path = ProductApiService.swift; sourceTree = "<group>"; };
		D043C0BE23894F9400B05967 /* Config.swift */ = {isa = PBXFileReference; lastKnownFileType = sourcecode.swift; path = Config.swift; sourceTree = "<group>"; };
		D043C0C52389566600B05967 /* GenericServerResponse.swift */ = {isa = PBXFileReference; lastKnownFileType = sourcecode.swift; path = GenericServerResponse.swift; sourceTree = "<group>"; };
		D0441D952455FE9C0027F9F8 /* PaymentBreadcrumbView.swift */ = {isa = PBXFileReference; lastKnownFileType = sourcecode.swift; path = PaymentBreadcrumbView.swift; sourceTree = "<group>"; };
		D0441D972455FEDF0027F9F8 /* PaymentBreadcrumbViewModel.swift */ = {isa = PBXFileReference; lastKnownFileType = sourcecode.swift; path = PaymentBreadcrumbViewModel.swift; sourceTree = "<group>"; };
		D0441D992455FF8A0027F9F8 /* BreadcrumbStepView.swift */ = {isa = PBXFileReference; lastKnownFileType = sourcecode.swift; path = BreadcrumbStepView.swift; sourceTree = "<group>"; };
		D051DD4F244A598200D6AC3C /* PaymentMethodViewController.swift */ = {isa = PBXFileReference; lastKnownFileType = sourcecode.swift; path = PaymentMethodViewController.swift; sourceTree = "<group>"; };
		D0632E03241926550010A7D9 /* InfoLine.swift */ = {isa = PBXFileReference; fileEncoding = 4; lastKnownFileType = sourcecode.swift; path = InfoLine.swift; sourceTree = "<group>"; };
		D0709B28239FB5E500055F20 /* Request.swift */ = {isa = PBXFileReference; lastKnownFileType = sourcecode.swift; path = Request.swift; sourceTree = "<group>"; };
		D0719DCB238469610046EC0B /* UIViewExtensions.swift */ = {isa = PBXFileReference; lastKnownFileType = sourcecode.swift; path = UIViewExtensions.swift; sourceTree = "<group>"; };
		D0719DCF23847DC10046EC0B /* UIColorExtensions.swift */ = {isa = PBXFileReference; lastKnownFileType = sourcecode.swift; path = UIColorExtensions.swift; sourceTree = "<group>"; };
		D0736012237494E600CD6B72 /* HomeViewModel.swift */ = {isa = PBXFileReference; lastKnownFileType = sourcecode.swift; path = HomeViewModel.swift; sourceTree = "<group>"; };
		D07360152374A46300CD6B72 /* TabBarViewController.swift */ = {isa = PBXFileReference; lastKnownFileType = sourcecode.swift; path = TabBarViewController.swift; sourceTree = "<group>"; };
		D07360172374A9E700CD6B72 /* UIViewController.swift */ = {isa = PBXFileReference; lastKnownFileType = sourcecode.swift; path = UIViewController.swift; sourceTree = "<group>"; };
		D07360192374AA1500CD6B72 /* ReusableView.swift */ = {isa = PBXFileReference; lastKnownFileType = sourcecode.swift; path = ReusableView.swift; sourceTree = "<group>"; };
		D07BEA192455E5B600B4A053 /* PaymentViewController.swift */ = {isa = PBXFileReference; lastKnownFileType = sourcecode.swift; path = PaymentViewController.swift; sourceTree = "<group>"; };
		D07BEA1C2455E62500B4A053 /* PaymentViewModel.swift */ = {isa = PBXFileReference; lastKnownFileType = sourcecode.swift; path = PaymentViewModel.swift; sourceTree = "<group>"; };
		D07BEA222455ECE300B4A053 /* PaymentCellView.swift */ = {isa = PBXFileReference; lastKnownFileType = sourcecode.swift; path = PaymentCellView.swift; sourceTree = "<group>"; };
		D07BEA262455EF5500B4A053 /* SelectPaymentMethodView.swift */ = {isa = PBXFileReference; lastKnownFileType = sourcecode.swift; path = SelectPaymentMethodView.swift; sourceTree = "<group>"; };
		D07E38AF24563DDC00F7E8FF /* UserRepository.swift */ = {isa = PBXFileReference; lastKnownFileType = sourcecode.swift; path = UserRepository.swift; sourceTree = "<group>"; };
		D07E38B1245641B600F7E8FF /* AccountViewModel.swift */ = {isa = PBXFileReference; lastKnownFileType = sourcecode.swift; path = AccountViewModel.swift; sourceTree = "<group>"; };
		D08681D0239FF84600F65961 /* AnyEncodable.swift */ = {isa = PBXFileReference; lastKnownFileType = sourcecode.swift; path = AnyEncodable.swift; sourceTree = "<group>"; };
		D08681D2239FF91900F65961 /* UserDTO.swift */ = {isa = PBXFileReference; lastKnownFileType = sourcecode.swift; path = UserDTO.swift; sourceTree = "<group>"; };
		D08A5C9C2374C78100221F37 /* ProfileViewController.swift */ = {isa = PBXFileReference; lastKnownFileType = sourcecode.swift; path = ProfileViewController.swift; sourceTree = "<group>"; };
		D0941C39238912F30052F598 /* CartCellView.swift */ = {isa = PBXFileReference; lastKnownFileType = sourcecode.swift; path = CartCellView.swift; sourceTree = "<group>"; };
		D0941C3C238942EE0052F598 /* UIViewControllerExtenstion.swift */ = {isa = PBXFileReference; lastKnownFileType = sourcecode.swift; path = UIViewControllerExtenstion.swift; sourceTree = "<group>"; };
		D097768A238AA8250080F701 /* UIImageViewExtensions.swift */ = {isa = PBXFileReference; lastKnownFileType = sourcecode.swift; path = UIImageViewExtensions.swift; sourceTree = "<group>"; };
		D0A54DB4245C5B88007A1079 /* SelectPaymentMethodViewModel.swift */ = {isa = PBXFileReference; lastKnownFileType = sourcecode.swift; path = SelectPaymentMethodViewModel.swift; sourceTree = "<group>"; };
		D0B11B8A2385C3F000C74CEA /* CartViewController.swift */ = {isa = PBXFileReference; lastKnownFileType = sourcecode.swift; path = CartViewController.swift; sourceTree = "<group>"; };
		D0C03475244C9C93008ACAAC /* PresentableViewController.swift */ = {isa = PBXFileReference; lastKnownFileType = sourcecode.swift; path = PresentableViewController.swift; sourceTree = "<group>"; };
		D0C03477244CADBB008ACAAC /* AuthenticationManager.swift */ = {isa = PBXFileReference; lastKnownFileType = sourcecode.swift; path = AuthenticationManager.swift; sourceTree = "<group>"; };
		D0C0987424523A9C00239225 /* LinkCardDTO.swift */ = {isa = PBXFileReference; lastKnownFileType = sourcecode.swift; path = LinkCardDTO.swift; sourceTree = "<group>"; };
		D0C098762452423F00239225 /* CardRepository.swift */ = {isa = PBXFileReference; lastKnownFileType = sourcecode.swift; path = CardRepository.swift; sourceTree = "<group>"; };
		D0CE24A52393002E00C41ACD /* ProductDetailViewController.swift */ = {isa = PBXFileReference; lastKnownFileType = sourcecode.swift; path = ProductDetailViewController.swift; sourceTree = "<group>"; };
		D0CE24A82393005B00C41ACD /* ProductDetailViewModel.swift */ = {isa = PBXFileReference; lastKnownFileType = sourcecode.swift; path = ProductDetailViewModel.swift; sourceTree = "<group>"; };
		D0E3967F2452BB4D00D8E114 /* DeletableItemView.swift */ = {isa = PBXFileReference; lastKnownFileType = sourcecode.swift; path = DeletableItemView.swift; sourceTree = "<group>"; };
		D0E57510244AD4CC00B7B26A /* PaymentMethodViewModel.swift */ = {isa = PBXFileReference; lastKnownFileType = sourcecode.swift; path = PaymentMethodViewModel.swift; sourceTree = "<group>"; };
		D0E57512244AD54400B7B26A /* Card.swift */ = {isa = PBXFileReference; lastKnownFileType = sourcecode.swift; path = Card.swift; sourceTree = "<group>"; };
		D0E57515244ADAB400B7B26A /* PaymentMethodCellView.swift */ = {isa = PBXFileReference; lastKnownFileType = sourcecode.swift; path = PaymentMethodCellView.swift; sourceTree = "<group>"; };
		D0E57517244ADAD500B7B26A /* PaymentMethodCellViewModel.swift */ = {isa = PBXFileReference; lastKnownFileType = sourcecode.swift; path = PaymentMethodCellViewModel.swift; sourceTree = "<group>"; };
		D0E57519244B05E400B7B26A /* CartItemRepository.swift */ = {isa = PBXFileReference; lastKnownFileType = sourcecode.swift; path = CartItemRepository.swift; sourceTree = "<group>"; };
		D0E5751B244B06B300B7B26A /* CartItemDTO.swift */ = {isa = PBXFileReference; lastKnownFileType = sourcecode.swift; path = CartItemDTO.swift; sourceTree = "<group>"; };
		D0E57521244B53B000B7B26A /* Inter-Light.ttf */ = {isa = PBXFileReference; lastKnownFileType = file; path = "Inter-Light.ttf"; sourceTree = "<group>"; };
		D0E57522244B53B000B7B26A /* Inter-Bold.ttf */ = {isa = PBXFileReference; lastKnownFileType = file; path = "Inter-Bold.ttf"; sourceTree = "<group>"; };
		D0E57523244B53B000B7B26A /* Inter-Medium.ttf */ = {isa = PBXFileReference; lastKnownFileType = file; path = "Inter-Medium.ttf"; sourceTree = "<group>"; };
		E300E2FB242B956600D122C5 /* UserApiService.swift */ = {isa = PBXFileReference; lastKnownFileType = sourcecode.swift; path = UserApiService.swift; sourceTree = "<group>"; };
		E3163E6C23C9377B00AC83A9 /* ProfileButton.swift */ = {isa = PBXFileReference; fileEncoding = 4; lastKnownFileType = sourcecode.swift; path = ProfileButton.swift; sourceTree = "<group>"; };
		E31702DA245629CE004FD16D /* UserEditViewController.swift */ = {isa = PBXFileReference; lastKnownFileType = sourcecode.swift; path = UserEditViewController.swift; sourceTree = "<group>"; };
		E31702DC24562C4F004FD16D /* UserEditViewModel.swift */ = {isa = PBXFileReference; lastKnownFileType = sourcecode.swift; path = UserEditViewModel.swift; sourceTree = "<group>"; };
		E321773E245DADFE00D637A3 /* CartRecapView.swift */ = {isa = PBXFileReference; lastKnownFileType = sourcecode.swift; path = CartRecapView.swift; sourceTree = "<group>"; };
		E3217740245DAE1100D637A3 /* ShippingRecapView.swift */ = {isa = PBXFileReference; lastKnownFileType = sourcecode.swift; path = ShippingRecapView.swift; sourceTree = "<group>"; };
		E33D3BF8245F392C00AED9EF /* CartRecapCellView.swift */ = {isa = PBXFileReference; lastKnownFileType = sourcecode.swift; path = CartRecapCellView.swift; sourceTree = "<group>"; };
		E36F5192245792A5001E0C50 /* UserEditDTO.swift */ = {isa = PBXFileReference; lastKnownFileType = sourcecode.swift; path = UserEditDTO.swift; sourceTree = "<group>"; };
		E3880D64245C7B1D009A12FA /* OrderShippingView.swift */ = {isa = PBXFileReference; fileEncoding = 4; lastKnownFileType = sourcecode.swift; path = OrderShippingView.swift; sourceTree = "<group>"; };
		E3880D66245C7BE1009A12FA /* OrderShippingViewModel.swift */ = {isa = PBXFileReference; lastKnownFileType = sourcecode.swift; path = OrderShippingViewModel.swift; sourceTree = "<group>"; };
		E3880D68245C927C009A12FA /* UserOrderShippingDTO.swift */ = {isa = PBXFileReference; lastKnownFileType = sourcecode.swift; path = UserOrderShippingDTO.swift; sourceTree = "<group>"; };
		E3880D6A245C9982009A12FA /* OrderConfirmationView.swift */ = {isa = PBXFileReference; lastKnownFileType = sourcecode.swift; path = OrderConfirmationView.swift; sourceTree = "<group>"; };
		E3945F45239290AC007ED444 /* AccountViewController.swift */ = {isa = PBXFileReference; lastKnownFileType = sourcecode.swift; path = AccountViewController.swift; sourceTree = "<group>"; };
/* End PBXFileReference section */

/* Begin PBXFrameworksBuildPhase section */
		D026F9C72372E41000372EA0 /* Frameworks */ = {
			isa = PBXFrameworksBuildPhase;
			buildActionMask = 2147483647;
			files = (
			);
			runOnlyForDeploymentPostprocessing = 0;
		};
/* End PBXFrameworksBuildPhase section */

/* Begin PBXGroup section */
		7320AF3623AA50B400FF5EB7 /* Register */ = {
			isa = PBXGroup;
			children = (
				7320AF3723AA50BA00FF5EB7 /* ViewModels */,
				7396720D23AA359B0077EFA5 /* RegisterViewController.swift */,
			);
			path = Register;
			sourceTree = "<group>";
		};
		7320AF3723AA50BA00FF5EB7 /* ViewModels */ = {
			isa = PBXGroup;
			children = (
				7320AF3923AA514300FF5EB7 /* RegisterViewModel.swift */,
			);
			path = ViewModels;
			sourceTree = "<group>";
		};
		7366555A238542D90062A358 /* Login */ = {
			isa = PBXGroup;
			children = (
				7396720A23AA23590077EFA5 /* ViewModels */,
				7366555C2385431C0062A358 /* LoginViewController.swift */,
			);
			path = Login;
			sourceTree = "<group>";
		};
		7396720A23AA23590077EFA5 /* ViewModels */ = {
			isa = PBXGroup;
			children = (
				7396720B23AA237A0077EFA5 /* LoginViewModel.swift */,
			);
			path = ViewModels;
			sourceTree = "<group>";
		};
		8E1C3CB123856AFD005847A0 /* ViewModel */ = {
			isa = PBXGroup;
			children = (
				8E1C3CB223856B1E005847A0 /* CartViewModel.swift */,
				8E1C3CB723856DFC005847A0 /* CartCellViewModel.swift */,
			);
			path = ViewModel;
			sourceTree = "<group>";
		};
		8E1C3CB423856D8D005847A0 /* Reusables */ = {
			isa = PBXGroup;
			children = (
				D0941C39238912F30052F598 /* CartCellView.swift */,
			);
			path = Reusables;
			sourceTree = "<group>";
		};
		8E1C3CB923858868005847A0 /* Models */ = {
			isa = PBXGroup;
			children = (
				D043C0C42389565600B05967 /* DTO */,
				D043C0C52389566600B05967 /* GenericServerResponse.swift */,
				7347E1102385954C00644970 /* User.swift */,
				7347E10E2385948E00644970 /* Token.swift */,
				8E1C3CBA238588AA005847A0 /* CartItem.swift */,
				8E1C3CBC238588D0005847A0 /* Product.swift */,
				D0E57512244AD54400B7B26A /* Card.swift */,
				B376F52A23F4357C00FD8F3A /* ApiError.swift */,
				B3C4D2FB242BA31C0083F47F /* ProductPayment.swift */,
				B3C4D301242BA7720083F47F /* StripeCard.swift */,
			);
			path = Models;
			sourceTree = "<group>";
		};
		B3C4D2EF242B92B60083F47F /* AddCard */ = {
			isa = PBXGroup;
			children = (
				B3C4D2F2242B93230083F47F /* ViewModels */,
				B3C4D2F0242B93160083F47F /* AddCardViewController.swift */,
			);
			path = AddCard;
			sourceTree = "<group>";
		};
		B3C4D2F2242B93230083F47F /* ViewModels */ = {
			isa = PBXGroup;
			children = (
				B3C4D2F3242B93650083F47F /* AddCardViewModel.swift */,
			);
			path = ViewModels;
			sourceTree = "<group>";
		};
		D01E3FD0244D2B450091931B /* UserActivation */ = {
			isa = PBXGroup;
			children = (
				D01E3FD3244D2B650091931B /* ViewModels */,
				D01E3FD1244D2B600091931B /* UserActivationViewController.swift */,
			);
			path = UserActivation;
			sourceTree = "<group>";
		};
		D01E3FD3244D2B650091931B /* ViewModels */ = {
			isa = PBXGroup;
			children = (
				D01E3FD4244D2B720091931B /* UserActivationViewModel.swift */,
			);
			path = ViewModels;
			sourceTree = "<group>";
		};
		D026F9C12372E41000372EA0 = {
			isa = PBXGroup;
			children = (
				D043C0BA23894D0F00B05967 /* Cartfile */,
				D026F9CC2372E41000372EA0 /* SelfBuy */,
				D026F9CB2372E41000372EA0 /* Products */,
				D043C0C12389526600B05967 /* Frameworks */,
			);
			sourceTree = "<group>";
		};
		D026F9CB2372E41000372EA0 /* Products */ = {
			isa = PBXGroup;
			children = (
				D026F9CA2372E41000372EA0 /* Shok'o.app */,
			);
			name = Products;
			sourceTree = "<group>";
		};
		D026F9CC2372E41000372EA0 /* SelfBuy */ = {
			isa = PBXGroup;
			children = (
				D01E3FCB244D24560091931B /* Shok'o.entitlements */,
				D0E57520244B230200B7B26A /* Repositories */,
				8E1C3CB923858868005847A0 /* Models */,
				D026F9E12372E52400372EA0 /* Additions */,
				D026F9E32372E53700372EA0 /* Application */,
				D026F9E52372E5A800372EA0 /* Screens */,
				D043C0B823894CA700B05967 /* Services */,
			);
			path = SelfBuy;
			sourceTree = "<group>";
		};
		D026F9E12372E52400372EA0 /* Additions */ = {
			isa = PBXGroup;
			children = (
				D0E3967E2452BB1400D8E114 /* Reusables */,
				D0C03474244C9C6F008ACAAC /* Class */,
				D09C29672378E87F007E69AF /* Extensions */,
				D026F9E22372E52B00372EA0 /* Protocols */,
			);
			path = Additions;
			sourceTree = "<group>";
		};
		D026F9E22372E52B00372EA0 /* Protocols */ = {
			isa = PBXGroup;
			children = (
				D07360172374A9E700CD6B72 /* UIViewController.swift */,
				D07360192374AA1500CD6B72 /* ReusableView.swift */,
			);
			path = Protocols;
			sourceTree = "<group>";
		};
		D026F9E32372E53700372EA0 /* Application */ = {
			isa = PBXGroup;
			children = (
				D026F9CD2372E41000372EA0 /* AppDelegate.swift */,
				D026F9CF2372E41000372EA0 /* SceneDelegate.swift */,
				D043C0BE23894F9400B05967 /* Config.swift */,
				D026F9E42372E54D00372EA0 /* Supporting Files */,
			);
			path = Application;
			sourceTree = "<group>";
		};
		D026F9E42372E54D00372EA0 /* Supporting Files */ = {
			isa = PBXGroup;
			children = (
				D0B11B922385DEE500C74CEA /* Fonts */,
				D026F9D62372E41200372EA0 /* Assets.xcassets */,
				D026F9D82372E41200372EA0 /* LaunchScreen.storyboard */,
				D026F9DB2372E41200372EA0 /* Info.plist */,
			);
			path = "Supporting Files";
			sourceTree = "<group>";
		};
		D026F9E52372E5A800372EA0 /* Screens */ = {
			isa = PBXGroup;
			children = (
				D07BEA182455E59200B4A053 /* Payment */,
				D07E38AD24563CCC00F7E8FF /* UserEdit */,
				D01E3FD0244D2B450091931B /* UserActivation */,
				D051DD53244A700200D6AC3C /* Account */,
				D051DD4E244A596900D6AC3C /* PaymentMethod */,
				B3C4D2EF242B92B60083F47F /* AddCard */,
				7320AF3623AA50B400FF5EB7 /* Register */,
				7366555A238542D90062A358 /* Login */,
				D0CE24A42393000C00C41ACD /* ProductDetail */,
				D08A5C9E2374C9DF00221F37 /* Cart */,
				D08A5C9B2374C75A00221F37 /* Profile */,
				D07360142374A44300CD6B72 /* TabBar */,
				D026F9E62372E5E500372EA0 /* Home */,
			);
			path = Screens;
			sourceTree = "<group>";
		};
		D026F9E62372E5E500372EA0 /* Home */ = {
			isa = PBXGroup;
			children = (
				D043C0B323894A8100B05967 /* Reusables */,
				D073600F2374909300CD6B72 /* ViewModels */,
				D026F9E92373027B00372EA0 /* HomeViewController.swift */,
			);
			path = Home;
			sourceTree = "<group>";
		};
		D043C0B323894A8100B05967 /* Reusables */ = {
			isa = PBXGroup;
			children = (
				D043C0B423894A9E00B05967 /* ProductCellView.swift */,
			);
			path = Reusables;
			sourceTree = "<group>";
		};
		D043C0B823894CA700B05967 /* Services */ = {
			isa = PBXGroup;
			children = (
				D043C0BC23894E5F00B05967 /* ProductApiService.swift */,
				7380E7312397DE1500685B7C /* AuthAPIService.swift */,
				D0709B28239FB5E500055F20 /* Request.swift */,
				B3C4D2F5242B98C90083F47F /* PaymentApiService.swift */,
				B3C4D303242BA8CA0083F47F /* StripeRequest.swift */,
				E300E2FB242B956600D122C5 /* UserApiService.swift */,
				D0C03477244CADBB008ACAAC /* AuthenticationManager.swift */,
				D01E86E5244DFB5B00C65C59 /* TabBarService.swift */,
			);
			path = Services;
			sourceTree = "<group>";
		};
		D043C0C12389526600B05967 /* Frameworks */ = {
			isa = PBXGroup;
			children = (
			);
			name = Frameworks;
			sourceTree = "<group>";
		};
		D043C0C42389565600B05967 /* DTO */ = {
			isa = PBXGroup;
			children = (
				D08681D0239FF84600F65961 /* AnyEncodable.swift */,
				D08681D2239FF91900F65961 /* UserDTO.swift */,
				73872A1923AA7C59007530CB /* RegisterDTO.swift */,
				73872A1B23AA817C007530CB /* RegisterResponseDTO.swift */,
				B374343C23F4303100F9B288 /* RefreshTokenDTO.swift */,
				B3C4D2FD242BA3610083F47F /* ProductPaymentDTO.swift */,
				B3C4D2FF242BA7670083F47F /* CardPaymentDTO.swift */,
				D0E5751B244B06B300B7B26A /* CartItemDTO.swift */,
				D01E86E1244D85B000C65C59 /* UserActivationDTO.swift */,
				E36F5192245792A5001E0C50 /* UserEditDTO.swift */,
				D0C0987424523A9C00239225 /* LinkCardDTO.swift */,
				E3880D68245C927C009A12FA /* UserOrderShippingDTO.swift */,
			);
			path = DTO;
			sourceTree = "<group>";
		};
		D051DD4E244A596900D6AC3C /* PaymentMethod */ = {
			isa = PBXGroup;
			children = (
				D0E57514244ADA8100B7B26A /* Reusables */,
				D0E5750F244AD4BA00B7B26A /* ViewModels */,
				D051DD4F244A598200D6AC3C /* PaymentMethodViewController.swift */,
			);
			path = PaymentMethod;
			sourceTree = "<group>";
		};
		D051DD53244A700200D6AC3C /* Account */ = {
			isa = PBXGroup;
			children = (
				D051DD54244A702800D6AC3C /* ViewModels */,
				E3945F45239290AC007ED444 /* AccountViewController.swift */,
			);
			path = Account;
			sourceTree = "<group>";
		};
		D051DD54244A702800D6AC3C /* ViewModels */ = {
			isa = PBXGroup;
			children = (
				D07E38B1245641B600F7E8FF /* AccountViewModel.swift */,
			);
			path = ViewModels;
			sourceTree = "<group>";
		};
		D073600F2374909300CD6B72 /* ViewModels */ = {
			isa = PBXGroup;
			children = (
				D0736012237494E600CD6B72 /* HomeViewModel.swift */,
				D043C0B623894BC100B05967 /* ProductCellViewModel.swift */,
			);
			path = ViewModels;
			sourceTree = "<group>";
		};
		D07360142374A44300CD6B72 /* TabBar */ = {
			isa = PBXGroup;
			children = (
				D07360152374A46300CD6B72 /* TabBarViewController.swift */,
			);
			path = TabBar;
			sourceTree = "<group>";
		};
		D07BEA182455E59200B4A053 /* Payment */ = {
			isa = PBXGroup;
			children = (
				D07BEA212455ECC800B4A053 /* Reusables */,
				D07BEA1E2455EB9800B4A053 /* Views */,
				D07BEA1B2455E5C200B4A053 /* ViewModels */,
				D07BEA192455E5B600B4A053 /* PaymentViewController.swift */,
			);
			path = Payment;
			sourceTree = "<group>";
		};
		D07BEA1B2455E5C200B4A053 /* ViewModels */ = {
			isa = PBXGroup;
			children = (
				D0441D972455FEDF0027F9F8 /* PaymentBreadcrumbViewModel.swift */,
				D07BEA1C2455E62500B4A053 /* PaymentViewModel.swift */,
				D0A54DB4245C5B88007A1079 /* SelectPaymentMethodViewModel.swift */,
				E3880D66245C7BE1009A12FA /* OrderShippingViewModel.swift */,
			);
			path = ViewModels;
			sourceTree = "<group>";
		};
		D07BEA1E2455EB9800B4A053 /* Views */ = {
			isa = PBXGroup;
			children = (
				E3880D64245C7B1D009A12FA /* OrderShippingView.swift */,
				D07BEA262455EF5500B4A053 /* SelectPaymentMethodView.swift */,
				E3880D6A245C9982009A12FA /* OrderConfirmationView.swift */,
			);
			path = Views;
			sourceTree = "<group>";
		};
		D07BEA212455ECC800B4A053 /* Reusables */ = {
			isa = PBXGroup;
			children = (
				E321773E245DADFE00D637A3 /* CartRecapView.swift */,
				E3217740245DAE1100D637A3 /* ShippingRecapView.swift */,
				D07BEA222455ECE300B4A053 /* PaymentCellView.swift */,
				D0441D952455FE9C0027F9F8 /* PaymentBreadcrumbView.swift */,
				D0441D992455FF8A0027F9F8 /* BreadcrumbStepView.swift */,
				E33D3BF8245F392C00AED9EF /* CartRecapCellView.swift */,
			);
			path = Reusables;
			sourceTree = "<group>";
		};
		D07E38AD24563CCC00F7E8FF /* UserEdit */ = {
			isa = PBXGroup;
			children = (
				D07E38AE24563CD700F7E8FF /* ViewModels */,
				E31702DA245629CE004FD16D /* UserEditViewController.swift */,
			);
			path = UserEdit;
			sourceTree = "<group>";
		};
		D07E38AE24563CD700F7E8FF /* ViewModels */ = {
			isa = PBXGroup;
			children = (
				E31702DC24562C4F004FD16D /* UserEditViewModel.swift */,
			);
			path = ViewModels;
			sourceTree = "<group>";
		};
		D08A5C9B2374C75A00221F37 /* Profile */ = {
			isa = PBXGroup;
			children = (
				E3163E6E23C9379700AC83A9 /* Reusables */,
				D08A5C9C2374C78100221F37 /* ProfileViewController.swift */,
			);
			path = Profile;
			sourceTree = "<group>";
		};
		D08A5C9E2374C9DF00221F37 /* Cart */ = {
			isa = PBXGroup;
			children = (
				8E1C3CB423856D8D005847A0 /* Reusables */,
				8E1C3CB123856AFD005847A0 /* ViewModel */,
				D0B11B8A2385C3F000C74CEA /* CartViewController.swift */,
			);
			path = Cart;
			sourceTree = "<group>";
		};
		D09C29672378E87F007E69AF /* Extensions */ = {
			isa = PBXGroup;
			children = (
				D0719DCB238469610046EC0B /* UIViewExtensions.swift */,
				D0719DCF23847DC10046EC0B /* UIColorExtensions.swift */,
				8E1C3CBE23858FE6005847A0 /* UILabelExtensions.swift */,
				D0941C3C238942EE0052F598 /* UIViewControllerExtenstion.swift */,
				D097768A238AA8250080F701 /* UIImageViewExtensions.swift */,
				D01E3FCC244D28290091931B /* URLExtensions.swift */,
			);
			path = Extensions;
			sourceTree = "<group>";
		};
		D0B11B922385DEE500C74CEA /* Fonts */ = {
			isa = PBXGroup;
			children = (
				D0E57522244B53B000B7B26A /* Inter-Bold.ttf */,
				D0E57521244B53B000B7B26A /* Inter-Light.ttf */,
				D0E57523244B53B000B7B26A /* Inter-Medium.ttf */,
			);
			path = Fonts;
			sourceTree = "<group>";
		};
		D0C03474244C9C6F008ACAAC /* Class */ = {
			isa = PBXGroup;
			children = (
				D0C03475244C9C93008ACAAC /* PresentableViewController.swift */,
			);
			path = Class;
			sourceTree = "<group>";
		};
		D0CE24A42393000C00C41ACD /* ProductDetail */ = {
			isa = PBXGroup;
			children = (
				D0CE24A72393004800C41ACD /* ViewModels */,
				D0CE24A52393002E00C41ACD /* ProductDetailViewController.swift */,
			);
			path = ProductDetail;
			sourceTree = "<group>";
		};
		D0CE24A72393004800C41ACD /* ViewModels */ = {
			isa = PBXGroup;
			children = (
				D0CE24A82393005B00C41ACD /* ProductDetailViewModel.swift */,
			);
			path = ViewModels;
			sourceTree = "<group>";
		};
		D0E3967E2452BB1400D8E114 /* Reusables */ = {
			isa = PBXGroup;
			children = (
				D0E3967F2452BB4D00D8E114 /* DeletableItemView.swift */,
			);
			path = Reusables;
			sourceTree = "<group>";
		};
		D0E5750F244AD4BA00B7B26A /* ViewModels */ = {
			isa = PBXGroup;
			children = (
				D0E57510244AD4CC00B7B26A /* PaymentMethodViewModel.swift */,
				D0E57517244ADAD500B7B26A /* PaymentMethodCellViewModel.swift */,
			);
			path = ViewModels;
			sourceTree = "<group>";
		};
		D0E57514244ADA8100B7B26A /* Reusables */ = {
			isa = PBXGroup;
			children = (
				D0E57515244ADAB400B7B26A /* PaymentMethodCellView.swift */,
			);
			path = Reusables;
			sourceTree = "<group>";
		};
		D0E57520244B230200B7B26A /* Repositories */ = {
			isa = PBXGroup;
			children = (
				D0E57519244B05E400B7B26A /* CartItemRepository.swift */,
				D07E38AF24563DDC00F7E8FF /* UserRepository.swift */,
				D0C098762452423F00239225 /* CardRepository.swift */,
			);
			path = Repositories;
			sourceTree = "<group>";
		};
		E3163E6E23C9379700AC83A9 /* Reusables */ = {
			isa = PBXGroup;
			children = (
				D0632E03241926550010A7D9 /* InfoLine.swift */,
				E3163E6C23C9377B00AC83A9 /* ProfileButton.swift */,
			);
			path = Reusables;
			sourceTree = "<group>";
		};
/* End PBXGroup section */

/* Begin PBXNativeTarget section */
		D026F9C92372E41000372EA0 /* SelfBuy */ = {
			isa = PBXNativeTarget;
			buildConfigurationList = D026F9DE2372E41200372EA0 /* Build configuration list for PBXNativeTarget "SelfBuy" */;
			buildPhases = (
				D043C0C02389515B00B05967 /* Carthage Script */,
				D026F9C62372E41000372EA0 /* Sources */,
				D026F9C72372E41000372EA0 /* Frameworks */,
				D026F9C82372E41000372EA0 /* Resources */,
			);
			buildRules = (
			);
			dependencies = (
			);
			name = SelfBuy;
			productName = SelfBuy;
			productReference = D026F9CA2372E41000372EA0 /* Shok'o.app */;
			productType = "com.apple.product-type.application";
		};
/* End PBXNativeTarget section */

/* Begin PBXProject section */
		D026F9C22372E41000372EA0 /* Project object */ = {
			isa = PBXProject;
			attributes = {
				LastSwiftUpdateCheck = 1100;
				LastUpgradeCheck = 1140;
				ORGANIZATIONNAME = MaxenceMottard;
				TargetAttributes = {
					D026F9C92372E41000372EA0 = {
						CreatedOnToolsVersion = 11.0;
					};
				};
			};
			buildConfigurationList = D026F9C52372E41000372EA0 /* Build configuration list for PBXProject "SelfBuy" */;
			compatibilityVersion = "Xcode 9.3";
			developmentRegion = en;
			hasScannedForEncodings = 0;
			knownRegions = (
				en,
				Base,
			);
			mainGroup = D026F9C12372E41000372EA0;
			productRefGroup = D026F9CB2372E41000372EA0 /* Products */;
			projectDirPath = "";
			projectRoot = "";
			targets = (
				D026F9C92372E41000372EA0 /* SelfBuy */,
			);
		};
/* End PBXProject section */

/* Begin PBXResourcesBuildPhase section */
		D026F9C82372E41000372EA0 /* Resources */ = {
			isa = PBXResourcesBuildPhase;
			buildActionMask = 2147483647;
			files = (
				D0E57524244B582100B7B26A /* Inter-Bold.ttf in Resources */,
				D0E57525244B582100B7B26A /* Inter-Light.ttf in Resources */,
				D0E57526244B582100B7B26A /* Inter-Medium.ttf in Resources */,
				D043C0BB23894D0F00B05967 /* Cartfile in Resources */,
				D026F9DA2372E41200372EA0 /* LaunchScreen.storyboard in Resources */,
				D026F9D72372E41200372EA0 /* Assets.xcassets in Resources */,
			);
			runOnlyForDeploymentPostprocessing = 0;
		};
/* End PBXResourcesBuildPhase section */

/* Begin PBXShellScriptBuildPhase section */
		D043C0C02389515B00B05967 /* Carthage Script */ = {
			isa = PBXShellScriptBuildPhase;
			buildActionMask = 2147483647;
			files = (
			);
			inputFileListPaths = (
			);
			inputPaths = (
				"$(SRCROOT)/Carthage/Build/iOS/RxSwift.framework",
				"$(SRCROOT)/Carthage/Build/iOS/RxCocoa.framework",
				"$(SRCROOT)/Carthage/Build/iOS/RxRelay.framework",
				"$(SRCROOT)/Carthage/Build/IOS/Stripe.framework",
			);
			name = "Carthage Script";
			outputFileListPaths = (
			);
			outputPaths = (
			);
			runOnlyForDeploymentPostprocessing = 0;
			shellPath = /bin/sh;
			shellScript = "/usr/local/bin/carthage copy-frameworks\n";
		};
/* End PBXShellScriptBuildPhase section */

/* Begin PBXSourcesBuildPhase section */
		D026F9C62372E41000372EA0 /* Sources */ = {
			isa = PBXSourcesBuildPhase;
			buildActionMask = 2147483647;
			files = (
				8E1C3CBD238588D0005847A0 /* Product.swift in Sources */,
				D0E57516244ADAB400B7B26A /* PaymentMethodCellView.swift in Sources */,
				D0719DD023847DC10046EC0B /* UIColorExtensions.swift in Sources */,
				E3945F46239290AC007ED444 /* AccountViewController.swift in Sources */,
				8E1C3CB823856DFC005847A0 /* CartCellViewModel.swift in Sources */,
				D0E57511244AD4CC00B7B26A /* PaymentMethodViewModel.swift in Sources */,
				D043C0B523894A9E00B05967 /* ProductCellView.swift in Sources */,
				E31702DD24562C4F004FD16D /* UserEditViewModel.swift in Sources */,
				D0C0987524523A9C00239225 /* LinkCardDTO.swift in Sources */,
				B3C4D304242BA8CA0083F47F /* StripeRequest.swift in Sources */,
				B3C4D2F1242B93160083F47F /* AddCardViewController.swift in Sources */,
				8E1C3CBB238588AA005847A0 /* CartItem.swift in Sources */,
				E321773F245DADFF00D637A3 /* CartRecapView.swift in Sources */,
				D0632E04241926550010A7D9 /* InfoLine.swift in Sources */,
				8E1C3CB323856B1E005847A0 /* CartViewModel.swift in Sources */,
				D0736013237494E600CD6B72 /* HomeViewModel.swift in Sources */,
				E3880D6B245C9982009A12FA /* OrderConfirmationView.swift in Sources */,
				D07360182374A9E700CD6B72 /* UIViewController.swift in Sources */,
				73872A1A23AA7C59007530CB /* RegisterDTO.swift in Sources */,
				D0C03478244CADBB008ACAAC /* AuthenticationManager.swift in Sources */,
				D0A54DB5245C5B88007A1079 /* SelectPaymentMethodViewModel.swift in Sources */,
				D07BEA232455ECE300B4A053 /* PaymentCellView.swift in Sources */,
				7396720C23AA237A0077EFA5 /* LoginViewModel.swift in Sources */,
				73872A1C23AA817C007530CB /* RegisterResponseDTO.swift in Sources */,
				B3C4D302242BA7720083F47F /* StripeCard.swift in Sources */,
				D073601A2374AA1500CD6B72 /* ReusableView.swift in Sources */,
				D0941C3A238912F30052F598 /* CartCellView.swift in Sources */,
				D0C098772452423F00239225 /* CardRepository.swift in Sources */,
				B3C4D2F4242B93650083F47F /* AddCardViewModel.swift in Sources */,
				D097768B238AA8250080F701 /* UIImageViewExtensions.swift in Sources */,
				B3C4D2FC242BA31C0083F47F /* ProductPayment.swift in Sources */,
				E36F5193245792A5001E0C50 /* UserEditDTO.swift in Sources */,
				B374343D23F4303100F9B288 /* RefreshTokenDTO.swift in Sources */,
				D026F9CE2372E41000372EA0 /* AppDelegate.swift in Sources */,
				7366555D2385431C0062A358 /* LoginViewController.swift in Sources */,
				B3C4D2F6242B98C90083F47F /* PaymentApiService.swift in Sources */,
				D0941C3D238942EE0052F598 /* UIViewControllerExtenstion.swift in Sources */,
				D08681D3239FF91900F65961 /* UserDTO.swift in Sources */,
				D01E3FD5244D2B720091931B /* UserActivationViewModel.swift in Sources */,
				D0E5751A244B05E400B7B26A /* CartItemRepository.swift in Sources */,
				7320AF3A23AA514300FF5EB7 /* RegisterViewModel.swift in Sources */,
				E3880D69245C927C009A12FA /* UserOrderShippingDTO.swift in Sources */,
				D0E396802452BB4D00D8E114 /* DeletableItemView.swift in Sources */,
				8E1C3CBF23858FE6005847A0 /* UILabelExtensions.swift in Sources */,
				D07BEA1D2455E62500B4A053 /* PaymentViewModel.swift in Sources */,
				D026F9D02372E41000372EA0 /* SceneDelegate.swift in Sources */,
				D07E38B2245641B600F7E8FF /* AccountViewModel.swift in Sources */,
				D043C0B723894BC100B05967 /* ProductCellViewModel.swift in Sources */,
				D08681D1239FF84600F65961 /* AnyEncodable.swift in Sources */,
				D07E38B024563DDC00F7E8FF /* UserRepository.swift in Sources */,
				E3880D65245C7B1D009A12FA /* OrderShippingView.swift in Sources */,
				D043C0C62389566600B05967 /* GenericServerResponse.swift in Sources */,
				E3880D67245C7BE1009A12FA /* OrderShippingViewModel.swift in Sources */,
				D043C0BF23894F9400B05967 /* Config.swift in Sources */,
				E3163E6D23C9377C00AC83A9 /* ProfileButton.swift in Sources */,
				7396720E23AA359B0077EFA5 /* RegisterViewController.swift in Sources */,
				E33D3BF9245F392C00AED9EF /* CartRecapCellView.swift in Sources */,
				D043C0BD23894E5F00B05967 /* ProductApiService.swift in Sources */,
				D0E57513244AD54400B7B26A /* Card.swift in Sources */,
				D08A5C9D2374C78100221F37 /* ProfileViewController.swift in Sources */,
				D051DD50244A598200D6AC3C /* PaymentMethodViewController.swift in Sources */,
				D0B11B8B2385C3F000C74CEA /* CartViewController.swift in Sources */,
				D01E3FCD244D28290091931B /* URLExtensions.swift in Sources */,
				B3C4D300242BA7670083F47F /* CardPaymentDTO.swift in Sources */,
				E31702DB245629CE004FD16D /* UserEditViewController.swift in Sources */,
				7380E7322397DE1500685B7C /* AuthAPIService.swift in Sources */,
				D0C03476244C9C93008ACAAC /* PresentableViewController.swift in Sources */,
				D0441D9A2455FF8A0027F9F8 /* BreadcrumbStepView.swift in Sources */,
				D0E57518244ADAD500B7B26A /* PaymentMethodCellViewModel.swift in Sources */,
				E300E2FC242B956600D122C5 /* UserApiService.swift in Sources */,
				B376F52B23F4357C00FD8F3A /* ApiError.swift in Sources */,
				D0CE24A92393005B00C41ACD /* ProductDetailViewModel.swift in Sources */,
				D01E86E2244D85B000C65C59 /* UserActivationDTO.swift in Sources */,
				D07360162374A46300CD6B72 /* TabBarViewController.swift in Sources */,
				D0CE24A62393002E00C41ACD /* ProductDetailViewController.swift in Sources */,
				D0719DCC238469610046EC0B /* UIViewExtensions.swift in Sources */,
				E3217741245DAE1100D637A3 /* ShippingRecapView.swift in Sources */,
				D0441D962455FE9C0027F9F8 /* PaymentBreadcrumbView.swift in Sources */,
				D07BEA1A2455E5B600B4A053 /* PaymentViewController.swift in Sources */,
				D01E3FD2244D2B600091931B /* UserActivationViewController.swift in Sources */,
				7347E1112385954C00644970 /* User.swift in Sources */,
				D0E5751C244B06B300B7B26A /* CartItemDTO.swift in Sources */,
				D0709B29239FB5E500055F20 /* Request.swift in Sources */,
				D0441D982455FEDF0027F9F8 /* PaymentBreadcrumbViewModel.swift in Sources */,
				D01E86E6244DFB5B00C65C59 /* TabBarService.swift in Sources */,
				D07BEA272455EF5500B4A053 /* SelectPaymentMethodView.swift in Sources */,
				D07BEA272455EF5500B4A053 /* SelectPaymentMethodView.swift in Sources */,
				7347E10F2385948E00644970 /* Token.swift in Sources */,
				D026F9EA2373027B00372EA0 /* HomeViewController.swift in Sources */,
				B3C4D2FE242BA3610083F47F /* ProductPaymentDTO.swift in Sources */,
			);
			runOnlyForDeploymentPostprocessing = 0;
		};
/* End PBXSourcesBuildPhase section */

/* Begin PBXVariantGroup section */
		D026F9D82372E41200372EA0 /* LaunchScreen.storyboard */ = {
			isa = PBXVariantGroup;
			children = (
				D026F9D92372E41200372EA0 /* Base */,
			);
			name = LaunchScreen.storyboard;
			sourceTree = "<group>";
		};
/* End PBXVariantGroup section */

/* Begin XCBuildConfiguration section */
		D026F9DC2372E41200372EA0 /* Debug */ = {
			isa = XCBuildConfiguration;
			buildSettings = {
				ALWAYS_SEARCH_USER_PATHS = NO;
				CLANG_ANALYZER_NONNULL = YES;
				CLANG_ANALYZER_NUMBER_OBJECT_CONVERSION = YES_AGGRESSIVE;
				CLANG_CXX_LANGUAGE_STANDARD = "gnu++14";
				CLANG_CXX_LIBRARY = "libc++";
				CLANG_ENABLE_MODULES = YES;
				CLANG_ENABLE_OBJC_ARC = YES;
				CLANG_ENABLE_OBJC_WEAK = YES;
				CLANG_WARN_BLOCK_CAPTURE_AUTORELEASING = YES;
				CLANG_WARN_BOOL_CONVERSION = YES;
				CLANG_WARN_COMMA = YES;
				CLANG_WARN_CONSTANT_CONVERSION = YES;
				CLANG_WARN_DEPRECATED_OBJC_IMPLEMENTATIONS = YES;
				CLANG_WARN_DIRECT_OBJC_ISA_USAGE = YES_ERROR;
				CLANG_WARN_DOCUMENTATION_COMMENTS = YES;
				CLANG_WARN_EMPTY_BODY = YES;
				CLANG_WARN_ENUM_CONVERSION = YES;
				CLANG_WARN_INFINITE_RECURSION = YES;
				CLANG_WARN_INT_CONVERSION = YES;
				CLANG_WARN_NON_LITERAL_NULL_CONVERSION = YES;
				CLANG_WARN_OBJC_IMPLICIT_RETAIN_SELF = YES;
				CLANG_WARN_OBJC_LITERAL_CONVERSION = YES;
				CLANG_WARN_OBJC_ROOT_CLASS = YES_ERROR;
				CLANG_WARN_RANGE_LOOP_ANALYSIS = YES;
				CLANG_WARN_STRICT_PROTOTYPES = YES;
				CLANG_WARN_SUSPICIOUS_MOVE = YES;
				CLANG_WARN_UNGUARDED_AVAILABILITY = YES_AGGRESSIVE;
				CLANG_WARN_UNREACHABLE_CODE = YES;
				CLANG_WARN__DUPLICATE_METHOD_MATCH = YES;
				COPY_PHASE_STRIP = NO;
				DEBUG_INFORMATION_FORMAT = dwarf;
				ENABLE_STRICT_OBJC_MSGSEND = YES;
				ENABLE_TESTABILITY = YES;
				GCC_C_LANGUAGE_STANDARD = gnu11;
				GCC_DYNAMIC_NO_PIC = NO;
				GCC_NO_COMMON_BLOCKS = YES;
				GCC_OPTIMIZATION_LEVEL = 0;
				GCC_PREPROCESSOR_DEFINITIONS = (
					"DEBUG=1",
					"$(inherited)",
				);
				GCC_WARN_64_TO_32_BIT_CONVERSION = YES;
				GCC_WARN_ABOUT_RETURN_TYPE = YES_ERROR;
				GCC_WARN_UNDECLARED_SELECTOR = YES;
				GCC_WARN_UNINITIALIZED_AUTOS = YES_AGGRESSIVE;
				GCC_WARN_UNUSED_FUNCTION = YES;
				GCC_WARN_UNUSED_VARIABLE = YES;
				IPHONEOS_DEPLOYMENT_TARGET = 13.0;
				MTL_ENABLE_DEBUG_INFO = INCLUDE_SOURCE;
				MTL_FAST_MATH = YES;
				ONLY_ACTIVE_ARCH = YES;
				SDKROOT = iphoneos;
				SWIFT_ACTIVE_COMPILATION_CONDITIONS = DEBUG;
				SWIFT_OPTIMIZATION_LEVEL = "-Onone";
			};
			name = Debug;
		};
		D026F9DD2372E41200372EA0 /* Release */ = {
			isa = XCBuildConfiguration;
			buildSettings = {
				ALWAYS_SEARCH_USER_PATHS = NO;
				CLANG_ANALYZER_NONNULL = YES;
				CLANG_ANALYZER_NUMBER_OBJECT_CONVERSION = YES_AGGRESSIVE;
				CLANG_CXX_LANGUAGE_STANDARD = "gnu++14";
				CLANG_CXX_LIBRARY = "libc++";
				CLANG_ENABLE_MODULES = YES;
				CLANG_ENABLE_OBJC_ARC = YES;
				CLANG_ENABLE_OBJC_WEAK = YES;
				CLANG_WARN_BLOCK_CAPTURE_AUTORELEASING = YES;
				CLANG_WARN_BOOL_CONVERSION = YES;
				CLANG_WARN_COMMA = YES;
				CLANG_WARN_CONSTANT_CONVERSION = YES;
				CLANG_WARN_DEPRECATED_OBJC_IMPLEMENTATIONS = YES;
				CLANG_WARN_DIRECT_OBJC_ISA_USAGE = YES_ERROR;
				CLANG_WARN_DOCUMENTATION_COMMENTS = YES;
				CLANG_WARN_EMPTY_BODY = YES;
				CLANG_WARN_ENUM_CONVERSION = YES;
				CLANG_WARN_INFINITE_RECURSION = YES;
				CLANG_WARN_INT_CONVERSION = YES;
				CLANG_WARN_NON_LITERAL_NULL_CONVERSION = YES;
				CLANG_WARN_OBJC_IMPLICIT_RETAIN_SELF = YES;
				CLANG_WARN_OBJC_LITERAL_CONVERSION = YES;
				CLANG_WARN_OBJC_ROOT_CLASS = YES_ERROR;
				CLANG_WARN_RANGE_LOOP_ANALYSIS = YES;
				CLANG_WARN_STRICT_PROTOTYPES = YES;
				CLANG_WARN_SUSPICIOUS_MOVE = YES;
				CLANG_WARN_UNGUARDED_AVAILABILITY = YES_AGGRESSIVE;
				CLANG_WARN_UNREACHABLE_CODE = YES;
				CLANG_WARN__DUPLICATE_METHOD_MATCH = YES;
				COPY_PHASE_STRIP = NO;
				DEBUG_INFORMATION_FORMAT = "dwarf-with-dsym";
				ENABLE_NS_ASSERTIONS = NO;
				ENABLE_STRICT_OBJC_MSGSEND = YES;
				GCC_C_LANGUAGE_STANDARD = gnu11;
				GCC_NO_COMMON_BLOCKS = YES;
				GCC_WARN_64_TO_32_BIT_CONVERSION = YES;
				GCC_WARN_ABOUT_RETURN_TYPE = YES_ERROR;
				GCC_WARN_UNDECLARED_SELECTOR = YES;
				GCC_WARN_UNINITIALIZED_AUTOS = YES_AGGRESSIVE;
				GCC_WARN_UNUSED_FUNCTION = YES;
				GCC_WARN_UNUSED_VARIABLE = YES;
				IPHONEOS_DEPLOYMENT_TARGET = 13.0;
				MTL_ENABLE_DEBUG_INFO = NO;
				MTL_FAST_MATH = YES;
				SDKROOT = iphoneos;
				SWIFT_COMPILATION_MODE = wholemodule;
				SWIFT_OPTIMIZATION_LEVEL = "-O";
				VALIDATE_PRODUCT = YES;
			};
			name = Release;
		};
		D026F9DF2372E41200372EA0 /* Debug */ = {
			isa = XCBuildConfiguration;
			buildSettings = {
				ASSETCATALOG_COMPILER_APPICON_NAME = AppIcon;
				CODE_SIGN_ENTITLEMENTS = "SelfBuy/Shok'o.entitlements";
				CODE_SIGN_STYLE = Automatic;
				DEVELOPMENT_TEAM = 94FLWD5X32;
				FRAMEWORK_SEARCH_PATHS = (
					"$(inherited)",
					"$(PROJECT_DIR)/Carthage/Build/iOS",
				);
				INFOPLIST_FILE = "SelfBuy/Application/Supporting Files/Info.plist";
				IPHONEOS_DEPLOYMENT_TARGET = 13.3;
				LD_RUNPATH_SEARCH_PATHS = (
					"$(inherited)",
					"@executable_path/Frameworks",
				);
				MARKETING_VERSION = 1.0.1;
				PRODUCT_BUNDLE_IDENTIFIER = com.ynov.shoko;
				PRODUCT_NAME = "Shok'o";
				SWIFT_VERSION = 5.0;
				TARGETED_DEVICE_FAMILY = "1,2";
			};
			name = Debug;
		};
		D026F9E02372E41200372EA0 /* Release */ = {
			isa = XCBuildConfiguration;
			buildSettings = {
				ASSETCATALOG_COMPILER_APPICON_NAME = AppIcon;
				CODE_SIGN_ENTITLEMENTS = "SelfBuy/Shok'o.entitlements";
				CODE_SIGN_STYLE = Automatic;
				DEVELOPMENT_TEAM = 94FLWD5X32;
				FRAMEWORK_SEARCH_PATHS = (
					"$(inherited)",
					"$(PROJECT_DIR)/Carthage/Build/iOS",
				);
				INFOPLIST_FILE = "SelfBuy/Application/Supporting Files/Info.plist";
				IPHONEOS_DEPLOYMENT_TARGET = 13.3;
				LD_RUNPATH_SEARCH_PATHS = (
					"$(inherited)",
					"@executable_path/Frameworks",
				);
				MARKETING_VERSION = 1.0.1;
				PRODUCT_BUNDLE_IDENTIFIER = com.ynov.shoko;
				PRODUCT_NAME = "Shok'o";
				SWIFT_VERSION = 5.0;
				TARGETED_DEVICE_FAMILY = "1,2";
			};
			name = Release;
		};
/* End XCBuildConfiguration section */

/* Begin XCConfigurationList section */
		D026F9C52372E41000372EA0 /* Build configuration list for PBXProject "SelfBuy" */ = {
			isa = XCConfigurationList;
			buildConfigurations = (
				D026F9DC2372E41200372EA0 /* Debug */,
				D026F9DD2372E41200372EA0 /* Release */,
			);
			defaultConfigurationIsVisible = 0;
			defaultConfigurationName = Release;
		};
		D026F9DE2372E41200372EA0 /* Build configuration list for PBXNativeTarget "SelfBuy" */ = {
			isa = XCConfigurationList;
			buildConfigurations = (
				D026F9DF2372E41200372EA0 /* Debug */,
				D026F9E02372E41200372EA0 /* Release */,
			);
			defaultConfigurationIsVisible = 0;
			defaultConfigurationName = Release;
		};
/* End XCConfigurationList section */
	};
	rootObject = D026F9C22372E41000372EA0 /* Project object */;
}
